// !$*UTF8*$!
{
	archiveVersion = 1;
	classes = {
	};
	objectVersion = 46;
	objects = {

/* Begin PBXBuildFile section */
		6317B1981725FBC600580514 /* MessageUI.framework in Frameworks */ = {isa = PBXBuildFile; fileRef = 6317B1971725FBC600580514 /* MessageUI.framework */; };
		631AD03D16BEBB2A00D0036A /* InfoPlist.strings in Resources */ = {isa = PBXBuildFile; fileRef = 631AD03C16BEBB2A00D0036A /* InfoPlist.strings */; };
		631AD03E16BEBB7B00D0036A /* AppDelegate.m in Sources */ = {isa = PBXBuildFile; fileRef = 63F73FB616BEBA9A00FCB221 /* AppDelegate.m */; };
		631AD04216BEBF2600D0036A /* StoryInfo.m in Sources */ = {isa = PBXBuildFile; fileRef = 631AD04116BEBF2600D0036A /* StoryInfo.m */; };
		631AD04B16BEC81B00D0036A /* AboutViewController.m in Sources */ = {isa = PBXBuildFile; fileRef = 631AD04A16BEC81B00D0036A /* AboutViewController.m */; };
		631AD06216BEDF9F00D0036A /* AFHTTPClient.m in Sources */ = {isa = PBXBuildFile; fileRef = 631AD05016BEDF9F00D0036A /* AFHTTPClient.m */; };
		631AD06316BEDF9F00D0036A /* AFHTTPRequestOperation.m in Sources */ = {isa = PBXBuildFile; fileRef = 631AD05216BEDF9F00D0036A /* AFHTTPRequestOperation.m */; };
		631AD06416BEDF9F00D0036A /* AFImageRequestOperation.m in Sources */ = {isa = PBXBuildFile; fileRef = 631AD05416BEDF9F00D0036A /* AFImageRequestOperation.m */; };
		631AD06516BEDF9F00D0036A /* AFJSONRequestOperation.m in Sources */ = {isa = PBXBuildFile; fileRef = 631AD05616BEDF9F00D0036A /* AFJSONRequestOperation.m */; };
		631AD06616BEDF9F00D0036A /* AFNetworkActivityIndicatorManager.m in Sources */ = {isa = PBXBuildFile; fileRef = 631AD05816BEDF9F00D0036A /* AFNetworkActivityIndicatorManager.m */; };
		631AD06716BEDF9F00D0036A /* AFPropertyListRequestOperation.m in Sources */ = {isa = PBXBuildFile; fileRef = 631AD05B16BEDF9F00D0036A /* AFPropertyListRequestOperation.m */; };
		631AD06816BEDF9F00D0036A /* AFURLConnectionOperation.m in Sources */ = {isa = PBXBuildFile; fileRef = 631AD05D16BEDF9F00D0036A /* AFURLConnectionOperation.m */; };
		631AD06916BEDF9F00D0036A /* AFXMLRequestOperation.m in Sources */ = {isa = PBXBuildFile; fileRef = 631AD05F16BEDF9F00D0036A /* AFXMLRequestOperation.m */; };
		631AD06A16BEDF9F00D0036A /* UIImageView+AFNetworking.m in Sources */ = {isa = PBXBuildFile; fileRef = 631AD06116BEDF9F00D0036A /* UIImageView+AFNetworking.m */; };
		631AD06C16BEE07700D0036A /* SystemConfiguration.framework in Frameworks */ = {isa = PBXBuildFile; fileRef = 631AD06B16BEE07700D0036A /* SystemConfiguration.framework */; };
		631AD06E16BEE08600D0036A /* MobileCoreServices.framework in Frameworks */ = {isa = PBXBuildFile; fileRef = 631AD06D16BEE08600D0036A /* MobileCoreServices.framework */; };
		631AD07116BEE58A00D0036A /* JSONManager.m in Sources */ = {isa = PBXBuildFile; fileRef = 631AD07016BEE58A00D0036A /* JSONManager.m */; };
		631AD07416BF103000D0036A /* FetchedStory.m in Sources */ = {isa = PBXBuildFile; fileRef = 631AD07316BF103000D0036A /* FetchedStory.m */; };
		6320D04916E4430E00B9D272 /* PrivacyViewController.m in Sources */ = {isa = PBXBuildFile; fileRef = 6320D04816E4430E00B9D272 /* PrivacyViewController.m */; };
		632C61C016E40D3800FC8C68 /* BaseViewController.m in Sources */ = {isa = PBXBuildFile; fileRef = 632C61BF16E40D3800FC8C68 /* BaseViewController.m */; };
		632C61D916E40F7200FC8C68 /* aboutIcon.png in Resources */ = {isa = PBXBuildFile; fileRef = 632C61D116E40F7200FC8C68 /* aboutIcon.png */; };
		632C61DA16E40F7200FC8C68 /* aboutIcon@2x.png in Resources */ = {isa = PBXBuildFile; fileRef = 632C61D216E40F7200FC8C68 /* aboutIcon@2x.png */; };
		632C61DD16E40F7200FC8C68 /* privacyIcon.png in Resources */ = {isa = PBXBuildFile; fileRef = 632C61D516E40F7200FC8C68 /* privacyIcon.png */; };
		632C61DE16E40F7200FC8C68 /* privacyIcon@2x.png in Resources */ = {isa = PBXBuildFile; fileRef = 632C61D616E40F7200FC8C68 /* privacyIcon@2x.png */; };
		632C61DF16E40F7200FC8C68 /* settingsIcon.png in Resources */ = {isa = PBXBuildFile; fileRef = 632C61D716E40F7200FC8C68 /* settingsIcon.png */; };
		632C61E016E40F7200FC8C68 /* settingsIcon@2x.png in Resources */ = {isa = PBXBuildFile; fileRef = 632C61D816E40F7200FC8C68 /* settingsIcon@2x.png */; };
		632C61E116E4104200FC8C68 /* REMenu.m in Sources */ = {isa = PBXBuildFile; fileRef = 632C61B716E40D1500FC8C68 /* REMenu.m */; };
		632C61E216E4106300FC8C68 /* REMenuContainerView.m in Sources */ = {isa = PBXBuildFile; fileRef = 632C61B916E40D1500FC8C68 /* REMenuContainerView.m */; };
		632C61E316E4106300FC8C68 /* REMenuItem.m in Sources */ = {isa = PBXBuildFile; fileRef = 632C61BB16E40D1500FC8C68 /* REMenuItem.m */; };
		632C61E416E4106300FC8C68 /* REMenuItemView.m in Sources */ = {isa = PBXBuildFile; fileRef = 632C61BD16E40D1500FC8C68 /* REMenuItemView.m */; };
		632C61E716E426A300FC8C68 /* menuIcon@2x.png in Resources */ = {isa = PBXBuildFile; fileRef = 632C61E516E426A300FC8C68 /* menuIcon@2x.png */; };
		632C61E816E426A300FC8C68 /* menuIcon.png in Resources */ = {isa = PBXBuildFile; fileRef = 632C61E616E426A300FC8C68 /* menuIcon.png */; };
		632C61EB16E435A300FC8C68 /* homeIcon.png in Resources */ = {isa = PBXBuildFile; fileRef = 632C61E916E435A300FC8C68 /* homeIcon.png */; };
		632C61EC16E435A300FC8C68 /* homeIcon@2x.png in Resources */ = {isa = PBXBuildFile; fileRef = 632C61EA16E435A300FC8C68 /* homeIcon@2x.png */; };
		632C61EF16E441C800FC8C68 /* SettingsViewController.m in Sources */ = {isa = PBXBuildFile; fileRef = 632C61EE16E441C800FC8C68 /* SettingsViewController.m */; };
		6353DB2A16F6A90E00B99512 /* PreferencesManager.m in Sources */ = {isa = PBXBuildFile; fileRef = 6353DB2916F6A90E00B99512 /* PreferencesManager.m */; };
		6358786316FA822200A831E1 /* PocketAPI.m in Sources */ = {isa = PBXBuildFile; fileRef = 6358784516FA822200A831E1 /* PocketAPI.m */; settings = {COMPILER_FLAGS = "-fno-objc-arc"; }; };
		6358786416FA822200A831E1 /* PocketAPILogin.m in Sources */ = {isa = PBXBuildFile; fileRef = 6358784716FA822200A831E1 /* PocketAPILogin.m */; settings = {COMPILER_FLAGS = "-fno-objc-arc"; }; };
		6358786516FA822200A831E1 /* PocketAPIOperation.m in Sources */ = {isa = PBXBuildFile; fileRef = 6358784916FA822200A831E1 /* PocketAPIOperation.m */; settings = {COMPILER_FLAGS = "-fno-objc-arc"; }; };
		6358786616FA822200A831E1 /* SFHFKeychainUtils.m in Sources */ = {isa = PBXBuildFile; fileRef = 6358784C16FA822200A831E1 /* SFHFKeychainUtils.m */; settings = {COMPILER_FLAGS = "-fno-objc-arc"; }; };
		6358786F16FA827E00A831E1 /* Security.framework in Frameworks */ = {isa = PBXBuildFile; fileRef = 6358786E16FA827E00A831E1 /* Security.framework */; };
		6358787216FA84A100A831E1 /* Keys.m in Sources */ = {isa = PBXBuildFile; fileRef = 6358787116FA84A100A831E1 /* Keys.m */; };
		6358787616FA954000A831E1 /* CustomAlertView.m in Sources */ = {isa = PBXBuildFile; fileRef = 6358787516FA954000A831E1 /* CustomAlertView.m */; };
		635E601216F5001600F78E87 /* oneClick.wav in Resources */ = {isa = PBXBuildFile; fileRef = 635E601016F5001600F78E87 /* oneClick.wav */; };
		635E601916F503F500F78E87 /* SoundManager.m in Sources */ = {isa = PBXBuildFile; fileRef = 635E601816F503F500F78E87 /* SoundManager.m */; };
		635E601B16F5055E00F78E87 /* AudioToolbox.framework in Frameworks */ = {isa = PBXBuildFile; fileRef = 635E601A16F5055E00F78E87 /* AudioToolbox.framework */; };
		635E601F16F50C5200F78E87 /* twoClick.wav in Resources */ = {isa = PBXBuildFile; fileRef = 635E601E16F50C5200F78E87 /* twoClick.wav */; };
		63699B781707829700ACB086 /* blackButton.png in Resources */ = {isa = PBXBuildFile; fileRef = 63699B741707829700ACB086 /* blackButton.png */; };
		63699B791707829700ACB086 /* blackButton@2x.png in Resources */ = {isa = PBXBuildFile; fileRef = 63699B751707829700ACB086 /* blackButton@2x.png */; };
		63699B7A1707829700ACB086 /* blackButtonHighlight.png in Resources */ = {isa = PBXBuildFile; fileRef = 63699B761707829700ACB086 /* blackButtonHighlight.png */; };
		63699B7B1707829700ACB086 /* blackButtonHighlight@2x.png in Resources */ = {isa = PBXBuildFile; fileRef = 63699B771707829700ACB086 /* blackButtonHighlight@2x.png */; };
		63C17A9617330205007C8F1D /* Icon-72.png in Resources */ = {isa = PBXBuildFile; fileRef = 63C17A8C17330205007C8F1D /* Icon-72.png */; };
		63C17A9717330205007C8F1D /* Icon-72@2x.png in Resources */ = {isa = PBXBuildFile; fileRef = 63C17A8D17330205007C8F1D /* Icon-72@2x.png */; };
		63C17A9817330205007C8F1D /* Icon-Small-50.png in Resources */ = {isa = PBXBuildFile; fileRef = 63C17A8E17330205007C8F1D /* Icon-Small-50.png */; };
		63C17A9917330205007C8F1D /* Icon-Small-50@2x.png in Resources */ = {isa = PBXBuildFile; fileRef = 63C17A8F17330205007C8F1D /* Icon-Small-50@2x.png */; };
		63C17A9A17330205007C8F1D /* Icon-Small.png in Resources */ = {isa = PBXBuildFile; fileRef = 63C17A9017330205007C8F1D /* Icon-Small.png */; };
		63C17A9B17330205007C8F1D /* Icon-Small@2x.png in Resources */ = {isa = PBXBuildFile; fileRef = 63C17A9117330205007C8F1D /* Icon-Small@2x.png */; };
		63C17A9E17330205007C8F1D /* iTunesArtwork.png in Resources */ = {isa = PBXBuildFile; fileRef = 63C17A9417330205007C8F1D /* iTunesArtwork.png */; };
		63C17A9F17330205007C8F1D /* iTunesArtwork@2x.png in Resources */ = {isa = PBXBuildFile; fileRef = 63C17A9517330205007C8F1D /* iTunesArtwork@2x.png */; };
		63C17AA517330FD2007C8F1D /* Icon.png in Resources */ = {isa = PBXBuildFile; fileRef = 63C17AA417330FD2007C8F1D /* Icon.png */; };
		63C17AA717330FD6007C8F1D /* Icon@2x.png in Resources */ = {isa = PBXBuildFile; fileRef = 63C17AA617330FD6007C8F1D /* Icon@2x.png */; };
		63EBE9C516F3FA800086F773 /* navbarBackground@2x.png in Resources */ = {isa = PBXBuildFile; fileRef = 63EBE9C316F3FA800086F773 /* navbarBackground@2x.png */; };
		63EBE9C616F3FA800086F773 /* navbarBackground.png in Resources */ = {isa = PBXBuildFile; fileRef = 63EBE9C416F3FA800086F773 /* navbarBackground.png */; };
		63EBE9C916F4010B0086F773 /* toolbarBackground.png in Resources */ = {isa = PBXBuildFile; fileRef = 63EBE9C716F4010B0086F773 /* toolbarBackground.png */; };
		63EBE9CA16F4010B0086F773 /* toolbarBackground@2x.png in Resources */ = {isa = PBXBuildFile; fileRef = 63EBE9C816F4010B0086F773 /* toolbarBackground@2x.png */; };
		63EBE9CD16F4C87F0086F773 /* ribbon@2x.png in Resources */ = {isa = PBXBuildFile; fileRef = 63EBE9CB16F4C87F0086F773 /* ribbon@2x.png */; };
		63EBE9CE16F4C87F0086F773 /* ribbon.png in Resources */ = {isa = PBXBuildFile; fileRef = 63EBE9CC16F4C87F0086F773 /* ribbon.png */; };
		63F18DCF16BDCD1E00A1EEE9 /* UIKit.framework in Frameworks */ = {isa = PBXBuildFile; fileRef = 63F18DCE16BDCD1E00A1EEE9 /* UIKit.framework */; };
		63F18DD116BDCD1E00A1EEE9 /* Foundation.framework in Frameworks */ = {isa = PBXBuildFile; fileRef = 63F18DD016BDCD1E00A1EEE9 /* Foundation.framework */; };
		63F18DD316BDCD1E00A1EEE9 /* CoreGraphics.framework in Frameworks */ = {isa = PBXBuildFile; fileRef = 63F18DD216BDCD1E00A1EEE9 /* CoreGraphics.framework */; };
		63F18DD516BDCD1E00A1EEE9 /* CoreData.framework in Frameworks */ = {isa = PBXBuildFile; fileRef = 63F18DD416BDCD1E00A1EEE9 /* CoreData.framework */; };
		63F18DDD16BDCD1E00A1EEE9 /* main.m in Sources */ = {isa = PBXBuildFile; fileRef = 63F18DDC16BDCD1E00A1EEE9 /* main.m */; };
		63F18DE316BDCD1E00A1EEE9 /* Default.png in Resources */ = {isa = PBXBuildFile; fileRef = 63F18DE216BDCD1E00A1EEE9 /* Default.png */; };
		63F18DE516BDCD1E00A1EEE9 /* Default@2x.png in Resources */ = {isa = PBXBuildFile; fileRef = 63F18DE416BDCD1E00A1EEE9 /* Default@2x.png */; };
		63F18DE716BDCD1E00A1EEE9 /* Default-568h@2x.png in Resources */ = {isa = PBXBuildFile; fileRef = 63F18DE616BDCD1E00A1EEE9 /* Default-568h@2x.png */; };
		63F73FA616BEB7CB00FCB221 /* CoderNews.xcdatamodeld in Sources */ = {isa = PBXBuildFile; fileRef = 63F73FA216BEB7AB00FCB221 /* CoderNews.xcdatamodeld */; };
		63F73FAB16BEB81700FCB221 /* CoreDataManager.m in Sources */ = {isa = PBXBuildFile; fileRef = 63F73FAA16BEB80800FCB221 /* CoreDataManager.m */; };
		63F73FB116BEB94E00FCB221 /* ContentViewController.m in Sources */ = {isa = PBXBuildFile; fileRef = 63F73FAE16BEB93B00FCB221 /* ContentViewController.m */; };
		63F73FB216BEB94E00FCB221 /* NewsListViewController.m in Sources */ = {isa = PBXBuildFile; fileRef = 63F73FB016BEB93B00FCB221 /* NewsListViewController.m */; };
		63F73FB816BEBAE300FCB221 /* MainStoryboard.storyboard in Resources */ = {isa = PBXBuildFile; fileRef = 63F73FB716BEBAE300FCB221 /* MainStoryboard.storyboard */; };
/* End PBXBuildFile section */

/* Begin PBXFileReference section */
		6317B1971725FBC600580514 /* MessageUI.framework */ = {isa = PBXFileReference; lastKnownFileType = wrapper.framework; name = MessageUI.framework; path = System/Library/Frameworks/MessageUI.framework; sourceTree = SDKROOT; };
		631AD03C16BEBB2A00D0036A /* InfoPlist.strings */ = {isa = PBXFileReference; fileEncoding = 4; lastKnownFileType = text.plist.strings; path = InfoPlist.strings; sourceTree = "<group>"; };
		631AD04016BEBF2600D0036A /* StoryInfo.h */ = {isa = PBXFileReference; fileEncoding = 4; lastKnownFileType = sourcecode.c.h; path = StoryInfo.h; sourceTree = "<group>"; };
		631AD04116BEBF2600D0036A /* StoryInfo.m */ = {isa = PBXFileReference; fileEncoding = 4; lastKnownFileType = sourcecode.c.objc; path = StoryInfo.m; sourceTree = "<group>"; };
		631AD04916BEC81B00D0036A /* AboutViewController.h */ = {isa = PBXFileReference; fileEncoding = 4; lastKnownFileType = sourcecode.c.h; path = AboutViewController.h; sourceTree = "<group>"; };
		631AD04A16BEC81B00D0036A /* AboutViewController.m */ = {isa = PBXFileReference; fileEncoding = 4; lastKnownFileType = sourcecode.c.objc; path = AboutViewController.m; sourceTree = "<group>"; };
		631AD04F16BEDF9F00D0036A /* AFHTTPClient.h */ = {isa = PBXFileReference; fileEncoding = 4; lastKnownFileType = sourcecode.c.h; path = AFHTTPClient.h; sourceTree = "<group>"; };
		631AD05016BEDF9F00D0036A /* AFHTTPClient.m */ = {isa = PBXFileReference; fileEncoding = 4; lastKnownFileType = sourcecode.c.objc; path = AFHTTPClient.m; sourceTree = "<group>"; };
		631AD05116BEDF9F00D0036A /* AFHTTPRequestOperation.h */ = {isa = PBXFileReference; fileEncoding = 4; lastKnownFileType = sourcecode.c.h; path = AFHTTPRequestOperation.h; sourceTree = "<group>"; };
		631AD05216BEDF9F00D0036A /* AFHTTPRequestOperation.m */ = {isa = PBXFileReference; fileEncoding = 4; lastKnownFileType = sourcecode.c.objc; path = AFHTTPRequestOperation.m; sourceTree = "<group>"; };
		631AD05316BEDF9F00D0036A /* AFImageRequestOperation.h */ = {isa = PBXFileReference; fileEncoding = 4; lastKnownFileType = sourcecode.c.h; path = AFImageRequestOperation.h; sourceTree = "<group>"; };
		631AD05416BEDF9F00D0036A /* AFImageRequestOperation.m */ = {isa = PBXFileReference; fileEncoding = 4; lastKnownFileType = sourcecode.c.objc; path = AFImageRequestOperation.m; sourceTree = "<group>"; };
		631AD05516BEDF9F00D0036A /* AFJSONRequestOperation.h */ = {isa = PBXFileReference; fileEncoding = 4; lastKnownFileType = sourcecode.c.h; path = AFJSONRequestOperation.h; sourceTree = "<group>"; };
		631AD05616BEDF9F00D0036A /* AFJSONRequestOperation.m */ = {isa = PBXFileReference; fileEncoding = 4; lastKnownFileType = sourcecode.c.objc; path = AFJSONRequestOperation.m; sourceTree = "<group>"; };
		631AD05716BEDF9F00D0036A /* AFNetworkActivityIndicatorManager.h */ = {isa = PBXFileReference; fileEncoding = 4; lastKnownFileType = sourcecode.c.h; path = AFNetworkActivityIndicatorManager.h; sourceTree = "<group>"; };
		631AD05816BEDF9F00D0036A /* AFNetworkActivityIndicatorManager.m */ = {isa = PBXFileReference; fileEncoding = 4; lastKnownFileType = sourcecode.c.objc; path = AFNetworkActivityIndicatorManager.m; sourceTree = "<group>"; };
		631AD05916BEDF9F00D0036A /* AFNetworking.h */ = {isa = PBXFileReference; fileEncoding = 4; lastKnownFileType = sourcecode.c.h; path = AFNetworking.h; sourceTree = "<group>"; };
		631AD05A16BEDF9F00D0036A /* AFPropertyListRequestOperation.h */ = {isa = PBXFileReference; fileEncoding = 4; lastKnownFileType = sourcecode.c.h; path = AFPropertyListRequestOperation.h; sourceTree = "<group>"; };
		631AD05B16BEDF9F00D0036A /* AFPropertyListRequestOperation.m */ = {isa = PBXFileReference; fileEncoding = 4; lastKnownFileType = sourcecode.c.objc; path = AFPropertyListRequestOperation.m; sourceTree = "<group>"; };
		631AD05C16BEDF9F00D0036A /* AFURLConnectionOperation.h */ = {isa = PBXFileReference; fileEncoding = 4; lastKnownFileType = sourcecode.c.h; path = AFURLConnectionOperation.h; sourceTree = "<group>"; };
		631AD05D16BEDF9F00D0036A /* AFURLConnectionOperation.m */ = {isa = PBXFileReference; fileEncoding = 4; lastKnownFileType = sourcecode.c.objc; path = AFURLConnectionOperation.m; sourceTree = "<group>"; };
		631AD05E16BEDF9F00D0036A /* AFXMLRequestOperation.h */ = {isa = PBXFileReference; fileEncoding = 4; lastKnownFileType = sourcecode.c.h; path = AFXMLRequestOperation.h; sourceTree = "<group>"; };
		631AD05F16BEDF9F00D0036A /* AFXMLRequestOperation.m */ = {isa = PBXFileReference; fileEncoding = 4; lastKnownFileType = sourcecode.c.objc; path = AFXMLRequestOperation.m; sourceTree = "<group>"; };
		631AD06016BEDF9F00D0036A /* UIImageView+AFNetworking.h */ = {isa = PBXFileReference; fileEncoding = 4; lastKnownFileType = sourcecode.c.h; path = "UIImageView+AFNetworking.h"; sourceTree = "<group>"; };
		631AD06116BEDF9F00D0036A /* UIImageView+AFNetworking.m */ = {isa = PBXFileReference; fileEncoding = 4; lastKnownFileType = sourcecode.c.objc; path = "UIImageView+AFNetworking.m"; sourceTree = "<group>"; };
		631AD06B16BEE07700D0036A /* SystemConfiguration.framework */ = {isa = PBXFileReference; lastKnownFileType = wrapper.framework; name = SystemConfiguration.framework; path = System/Library/Frameworks/SystemConfiguration.framework; sourceTree = SDKROOT; };
		631AD06D16BEE08600D0036A /* MobileCoreServices.framework */ = {isa = PBXFileReference; lastKnownFileType = wrapper.framework; name = MobileCoreServices.framework; path = System/Library/Frameworks/MobileCoreServices.framework; sourceTree = SDKROOT; };
		631AD06F16BEE58A00D0036A /* JSONManager.h */ = {isa = PBXFileReference; fileEncoding = 4; lastKnownFileType = sourcecode.c.h; path = JSONManager.h; sourceTree = "<group>"; };
		631AD07016BEE58A00D0036A /* JSONManager.m */ = {isa = PBXFileReference; fileEncoding = 4; lastKnownFileType = sourcecode.c.objc; path = JSONManager.m; sourceTree = "<group>"; };
		631AD07216BF103000D0036A /* FetchedStory.h */ = {isa = PBXFileReference; fileEncoding = 4; lastKnownFileType = sourcecode.c.h; path = FetchedStory.h; sourceTree = "<group>"; };
		631AD07316BF103000D0036A /* FetchedStory.m */ = {isa = PBXFileReference; fileEncoding = 4; lastKnownFileType = sourcecode.c.objc; path = FetchedStory.m; sourceTree = "<group>"; };
		6320D04716E4430E00B9D272 /* PrivacyViewController.h */ = {isa = PBXFileReference; fileEncoding = 4; lastKnownFileType = sourcecode.c.h; path = PrivacyViewController.h; sourceTree = "<group>"; };
		6320D04816E4430E00B9D272 /* PrivacyViewController.m */ = {isa = PBXFileReference; fileEncoding = 4; lastKnownFileType = sourcecode.c.objc; path = PrivacyViewController.m; sourceTree = "<group>"; };
		632C61B616E40D1500FC8C68 /* REMenu.h */ = {isa = PBXFileReference; lastKnownFileType = sourcecode.c.h; path = REMenu.h; sourceTree = "<group>"; };
		632C61B716E40D1500FC8C68 /* REMenu.m */ = {isa = PBXFileReference; lastKnownFileType = sourcecode.c.objc; path = REMenu.m; sourceTree = "<group>"; };
		632C61B816E40D1500FC8C68 /* REMenuContainerView.h */ = {isa = PBXFileReference; lastKnownFileType = sourcecode.c.h; path = REMenuContainerView.h; sourceTree = "<group>"; };
		632C61B916E40D1500FC8C68 /* REMenuContainerView.m */ = {isa = PBXFileReference; lastKnownFileType = sourcecode.c.objc; path = REMenuContainerView.m; sourceTree = "<group>"; };
		632C61BA16E40D1500FC8C68 /* REMenuItem.h */ = {isa = PBXFileReference; lastKnownFileType = sourcecode.c.h; path = REMenuItem.h; sourceTree = "<group>"; };
		632C61BB16E40D1500FC8C68 /* REMenuItem.m */ = {isa = PBXFileReference; lastKnownFileType = sourcecode.c.objc; path = REMenuItem.m; sourceTree = "<group>"; };
		632C61BC16E40D1500FC8C68 /* REMenuItemView.h */ = {isa = PBXFileReference; lastKnownFileType = sourcecode.c.h; path = REMenuItemView.h; sourceTree = "<group>"; };
		632C61BD16E40D1500FC8C68 /* REMenuItemView.m */ = {isa = PBXFileReference; lastKnownFileType = sourcecode.c.objc; path = REMenuItemView.m; sourceTree = "<group>"; };
		632C61BE16E40D3800FC8C68 /* BaseViewController.h */ = {isa = PBXFileReference; fileEncoding = 4; lastKnownFileType = sourcecode.c.h; path = BaseViewController.h; sourceTree = "<group>"; };
		632C61BF16E40D3800FC8C68 /* BaseViewController.m */ = {isa = PBXFileReference; fileEncoding = 4; lastKnownFileType = sourcecode.c.objc; path = BaseViewController.m; sourceTree = "<group>"; };
		632C61D116E40F7200FC8C68 /* aboutIcon.png */ = {isa = PBXFileReference; lastKnownFileType = image.png; path = aboutIcon.png; sourceTree = "<group>"; };
		632C61D216E40F7200FC8C68 /* aboutIcon@2x.png */ = {isa = PBXFileReference; lastKnownFileType = image.png; path = "aboutIcon@2x.png"; sourceTree = "<group>"; };
		632C61D516E40F7200FC8C68 /* privacyIcon.png */ = {isa = PBXFileReference; lastKnownFileType = image.png; path = privacyIcon.png; sourceTree = "<group>"; };
		632C61D616E40F7200FC8C68 /* privacyIcon@2x.png */ = {isa = PBXFileReference; lastKnownFileType = image.png; path = "privacyIcon@2x.png"; sourceTree = "<group>"; };
		632C61D716E40F7200FC8C68 /* settingsIcon.png */ = {isa = PBXFileReference; lastKnownFileType = image.png; path = settingsIcon.png; sourceTree = "<group>"; };
		632C61D816E40F7200FC8C68 /* settingsIcon@2x.png */ = {isa = PBXFileReference; lastKnownFileType = image.png; path = "settingsIcon@2x.png"; sourceTree = "<group>"; };
		632C61E516E426A300FC8C68 /* menuIcon@2x.png */ = {isa = PBXFileReference; lastKnownFileType = image.png; path = "menuIcon@2x.png"; sourceTree = "<group>"; };
		632C61E616E426A300FC8C68 /* menuIcon.png */ = {isa = PBXFileReference; lastKnownFileType = image.png; path = menuIcon.png; sourceTree = "<group>"; };
		632C61E916E435A300FC8C68 /* homeIcon.png */ = {isa = PBXFileReference; lastKnownFileType = image.png; path = homeIcon.png; sourceTree = "<group>"; };
		632C61EA16E435A300FC8C68 /* homeIcon@2x.png */ = {isa = PBXFileReference; lastKnownFileType = image.png; path = "homeIcon@2x.png"; sourceTree = "<group>"; };
		632C61ED16E441C800FC8C68 /* SettingsViewController.h */ = {isa = PBXFileReference; fileEncoding = 4; lastKnownFileType = sourcecode.c.h; path = SettingsViewController.h; sourceTree = "<group>"; };
		632C61EE16E441C800FC8C68 /* SettingsViewController.m */ = {isa = PBXFileReference; fileEncoding = 4; lastKnownFileType = sourcecode.c.objc; path = SettingsViewController.m; sourceTree = "<group>"; };
		6353DB2816F6A90E00B99512 /* PreferencesManager.h */ = {isa = PBXFileReference; fileEncoding = 4; lastKnownFileType = sourcecode.c.h; path = PreferencesManager.h; sourceTree = "<group>"; };
		6353DB2916F6A90E00B99512 /* PreferencesManager.m */ = {isa = PBXFileReference; fileEncoding = 4; lastKnownFileType = sourcecode.c.objc; path = PreferencesManager.m; sourceTree = "<group>"; };
		6358784316FA822200A831E1 /* PocketAPI+NSOperation.h */ = {isa = PBXFileReference; fileEncoding = 4; lastKnownFileType = sourcecode.c.h; path = "PocketAPI+NSOperation.h"; sourceTree = "<group>"; };
		6358784416FA822200A831E1 /* PocketAPI.h */ = {isa = PBXFileReference; fileEncoding = 4; lastKnownFileType = sourcecode.c.h; path = PocketAPI.h; sourceTree = "<group>"; };
		6358784516FA822200A831E1 /* PocketAPI.m */ = {isa = PBXFileReference; fileEncoding = 4; lastKnownFileType = sourcecode.c.objc; path = PocketAPI.m; sourceTree = "<group>"; };
		6358784616FA822200A831E1 /* PocketAPILogin.h */ = {isa = PBXFileReference; fileEncoding = 4; lastKnownFileType = sourcecode.c.h; path = PocketAPILogin.h; sourceTree = "<group>"; };
		6358784716FA822200A831E1 /* PocketAPILogin.m */ = {isa = PBXFileReference; fileEncoding = 4; lastKnownFileType = sourcecode.c.objc; path = PocketAPILogin.m; sourceTree = "<group>"; };
		6358784816FA822200A831E1 /* PocketAPIOperation.h */ = {isa = PBXFileReference; fileEncoding = 4; lastKnownFileType = sourcecode.c.h; path = PocketAPIOperation.h; sourceTree = "<group>"; };
		6358784916FA822200A831E1 /* PocketAPIOperation.m */ = {isa = PBXFileReference; fileEncoding = 4; lastKnownFileType = sourcecode.c.objc; path = PocketAPIOperation.m; sourceTree = "<group>"; };
		6358784A16FA822200A831E1 /* PocketAPITypes.h */ = {isa = PBXFileReference; fileEncoding = 4; lastKnownFileType = sourcecode.c.h; path = PocketAPITypes.h; sourceTree = "<group>"; };
		6358784B16FA822200A831E1 /* SFHFKeychainUtils.h */ = {isa = PBXFileReference; fileEncoding = 4; lastKnownFileType = sourcecode.c.h; path = SFHFKeychainUtils.h; sourceTree = "<group>"; };
		6358784C16FA822200A831E1 /* SFHFKeychainUtils.m */ = {isa = PBXFileReference; fileEncoding = 4; lastKnownFileType = sourcecode.c.objc; path = SFHFKeychainUtils.m; sourceTree = "<group>"; };
		6358786E16FA827E00A831E1 /* Security.framework */ = {isa = PBXFileReference; lastKnownFileType = wrapper.framework; name = Security.framework; path = System/Library/Frameworks/Security.framework; sourceTree = SDKROOT; };
		6358787016FA84A100A831E1 /* Keys.h */ = {isa = PBXFileReference; fileEncoding = 4; lastKnownFileType = sourcecode.c.h; path = Keys.h; sourceTree = "<group>"; };
		6358787116FA84A100A831E1 /* Keys.m */ = {isa = PBXFileReference; fileEncoding = 4; lastKnownFileType = sourcecode.c.objc; path = Keys.m; sourceTree = "<group>"; };
		6358787416FA954000A831E1 /* CustomAlertView.h */ = {isa = PBXFileReference; fileEncoding = 4; lastKnownFileType = sourcecode.c.h; path = CustomAlertView.h; sourceTree = "<group>"; };
		6358787516FA954000A831E1 /* CustomAlertView.m */ = {isa = PBXFileReference; fileEncoding = 4; lastKnownFileType = sourcecode.c.objc; path = CustomAlertView.m; sourceTree = "<group>"; };
		635E601016F5001600F78E87 /* oneClick.wav */ = {isa = PBXFileReference; lastKnownFileType = audio.wav; path = oneClick.wav; sourceTree = "<group>"; };
		635E601716F503F500F78E87 /* SoundManager.h */ = {isa = PBXFileReference; fileEncoding = 4; lastKnownFileType = sourcecode.c.h; path = SoundManager.h; sourceTree = "<group>"; };
		635E601816F503F500F78E87 /* SoundManager.m */ = {isa = PBXFileReference; fileEncoding = 4; lastKnownFileType = sourcecode.c.objc; path = SoundManager.m; sourceTree = "<group>"; };
		635E601A16F5055E00F78E87 /* AudioToolbox.framework */ = {isa = PBXFileReference; lastKnownFileType = wrapper.framework; name = AudioToolbox.framework; path = System/Library/Frameworks/AudioToolbox.framework; sourceTree = SDKROOT; };
		635E601E16F50C5200F78E87 /* twoClick.wav */ = {isa = PBXFileReference; lastKnownFileType = audio.wav; path = twoClick.wav; sourceTree = "<group>"; };
		63699B741707829700ACB086 /* blackButton.png */ = {isa = PBXFileReference; lastKnownFileType = image.png; path = blackButton.png; sourceTree = "<group>"; };
		63699B751707829700ACB086 /* blackButton@2x.png */ = {isa = PBXFileReference; lastKnownFileType = image.png; path = "blackButton@2x.png"; sourceTree = "<group>"; };
		63699B761707829700ACB086 /* blackButtonHighlight.png */ = {isa = PBXFileReference; lastKnownFileType = image.png; path = blackButtonHighlight.png; sourceTree = "<group>"; };
		63699B771707829700ACB086 /* blackButtonHighlight@2x.png */ = {isa = PBXFileReference; lastKnownFileType = image.png; path = "blackButtonHighlight@2x.png"; sourceTree = "<group>"; };
		63C17A8C17330205007C8F1D /* Icon-72.png */ = {isa = PBXFileReference; lastKnownFileType = image.png; path = "Icon-72.png"; sourceTree = "<group>"; };
		63C17A8D17330205007C8F1D /* Icon-72@2x.png */ = {isa = PBXFileReference; lastKnownFileType = image.png; path = "Icon-72@2x.png"; sourceTree = "<group>"; };
		63C17A8E17330205007C8F1D /* Icon-Small-50.png */ = {isa = PBXFileReference; lastKnownFileType = image.png; path = "Icon-Small-50.png"; sourceTree = "<group>"; };
		63C17A8F17330205007C8F1D /* Icon-Small-50@2x.png */ = {isa = PBXFileReference; lastKnownFileType = image.png; path = "Icon-Small-50@2x.png"; sourceTree = "<group>"; };
		63C17A9017330205007C8F1D /* Icon-Small.png */ = {isa = PBXFileReference; lastKnownFileType = image.png; path = "Icon-Small.png"; sourceTree = "<group>"; };
		63C17A9117330205007C8F1D /* Icon-Small@2x.png */ = {isa = PBXFileReference; lastKnownFileType = image.png; path = "Icon-Small@2x.png"; sourceTree = "<group>"; };
		63C17A9217330205007C8F1D /* Icon.png */ = {isa = PBXFileReference; lastKnownFileType = image.png; path = Icon.png; sourceTree = "<group>"; };
		63C17A9317330205007C8F1D /* Icon@2x.png */ = {isa = PBXFileReference; lastKnownFileType = image.png; path = "Icon@2x.png"; sourceTree = "<group>"; };
		63C17A9417330205007C8F1D /* iTunesArtwork.png */ = {isa = PBXFileReference; lastKnownFileType = image.png; path = iTunesArtwork.png; sourceTree = "<group>"; };
		63C17A9517330205007C8F1D /* iTunesArtwork@2x.png */ = {isa = PBXFileReference; lastKnownFileType = image.png; path = "iTunesArtwork@2x.png"; sourceTree = "<group>"; };
		63C17AA417330FD2007C8F1D /* Icon.png */ = {isa = PBXFileReference; lastKnownFileType = image.png; path = Icon.png; sourceTree = "<group>"; };
		63C17AA617330FD6007C8F1D /* Icon@2x.png */ = {isa = PBXFileReference; lastKnownFileType = image.png; path = "Icon@2x.png"; sourceTree = "<group>"; };
		63EBE9C316F3FA800086F773 /* navbarBackground@2x.png */ = {isa = PBXFileReference; lastKnownFileType = image.png; path = "navbarBackground@2x.png"; sourceTree = "<group>"; };
		63EBE9C416F3FA800086F773 /* navbarBackground.png */ = {isa = PBXFileReference; lastKnownFileType = image.png; path = navbarBackground.png; sourceTree = "<group>"; };
		63EBE9C716F4010B0086F773 /* toolbarBackground.png */ = {isa = PBXFileReference; lastKnownFileType = image.png; path = toolbarBackground.png; sourceTree = "<group>"; };
		63EBE9C816F4010B0086F773 /* toolbarBackground@2x.png */ = {isa = PBXFileReference; lastKnownFileType = image.png; path = "toolbarBackground@2x.png"; sourceTree = "<group>"; };
		63EBE9CB16F4C87F0086F773 /* ribbon@2x.png */ = {isa = PBXFileReference; lastKnownFileType = image.png; path = "ribbon@2x.png"; sourceTree = "<group>"; };
		63EBE9CC16F4C87F0086F773 /* ribbon.png */ = {isa = PBXFileReference; lastKnownFileType = image.png; path = ribbon.png; sourceTree = "<group>"; };
		63F18DCB16BDCD1E00A1EEE9 /* CoderNews.app */ = {isa = PBXFileReference; explicitFileType = wrapper.application; includeInIndex = 0; path = CoderNews.app; sourceTree = BUILT_PRODUCTS_DIR; };
		63F18DCE16BDCD1E00A1EEE9 /* UIKit.framework */ = {isa = PBXFileReference; lastKnownFileType = wrapper.framework; name = UIKit.framework; path = System/Library/Frameworks/UIKit.framework; sourceTree = SDKROOT; };
		63F18DD016BDCD1E00A1EEE9 /* Foundation.framework */ = {isa = PBXFileReference; lastKnownFileType = wrapper.framework; name = Foundation.framework; path = System/Library/Frameworks/Foundation.framework; sourceTree = SDKROOT; };
		63F18DD216BDCD1E00A1EEE9 /* CoreGraphics.framework */ = {isa = PBXFileReference; lastKnownFileType = wrapper.framework; name = CoreGraphics.framework; path = System/Library/Frameworks/CoreGraphics.framework; sourceTree = SDKROOT; };
		63F18DD416BDCD1E00A1EEE9 /* CoreData.framework */ = {isa = PBXFileReference; lastKnownFileType = wrapper.framework; name = CoreData.framework; path = System/Library/Frameworks/CoreData.framework; sourceTree = SDKROOT; };
		63F18DD816BDCD1E00A1EEE9 /* CoderNews-Info.plist */ = {isa = PBXFileReference; lastKnownFileType = text.plist.xml; path = "CoderNews-Info.plist"; sourceTree = "<group>"; };
		63F18DDC16BDCD1E00A1EEE9 /* main.m */ = {isa = PBXFileReference; lastKnownFileType = sourcecode.c.objc; path = main.m; sourceTree = "<group>"; };
		63F18DDE16BDCD1E00A1EEE9 /* CoderNews-Prefix.pch */ = {isa = PBXFileReference; lastKnownFileType = sourcecode.c.h; path = "CoderNews-Prefix.pch"; sourceTree = "<group>"; };
		63F18DE216BDCD1E00A1EEE9 /* Default.png */ = {isa = PBXFileReference; lastKnownFileType = image.png; path = Default.png; sourceTree = "<group>"; };
		63F18DE416BDCD1E00A1EEE9 /* Default@2x.png */ = {isa = PBXFileReference; lastKnownFileType = image.png; path = "Default@2x.png"; sourceTree = "<group>"; };
		63F18DE616BDCD1E00A1EEE9 /* Default-568h@2x.png */ = {isa = PBXFileReference; lastKnownFileType = image.png; path = "Default-568h@2x.png"; sourceTree = "<group>"; };
		63F73FA316BEB7AB00FCB221 /* CoderNews.xcdatamodel */ = {isa = PBXFileReference; lastKnownFileType = wrapper.xcdatamodel; path = CoderNews.xcdatamodel; sourceTree = "<group>"; };
		63F73FA916BEB80800FCB221 /* CoreDataManager.h */ = {isa = PBXFileReference; lastKnownFileType = sourcecode.c.h; path = CoreDataManager.h; sourceTree = "<group>"; };
		63F73FAA16BEB80800FCB221 /* CoreDataManager.m */ = {isa = PBXFileReference; lastKnownFileType = sourcecode.c.objc; path = CoreDataManager.m; sourceTree = "<group>"; };
		63F73FAD16BEB93B00FCB221 /* ContentViewController.h */ = {isa = PBXFileReference; lastKnownFileType = sourcecode.c.h; path = ContentViewController.h; sourceTree = "<group>"; };
		63F73FAE16BEB93B00FCB221 /* ContentViewController.m */ = {isa = PBXFileReference; lastKnownFileType = sourcecode.c.objc; path = ContentViewController.m; sourceTree = "<group>"; };
		63F73FAF16BEB93B00FCB221 /* NewsListViewController.h */ = {isa = PBXFileReference; lastKnownFileType = sourcecode.c.h; path = NewsListViewController.h; sourceTree = "<group>"; };
		63F73FB016BEB93B00FCB221 /* NewsListViewController.m */ = {isa = PBXFileReference; lastKnownFileType = sourcecode.c.objc; path = NewsListViewController.m; sourceTree = "<group>"; };
		63F73FB516BEBA9A00FCB221 /* AppDelegate.h */ = {isa = PBXFileReference; lastKnownFileType = sourcecode.c.h; path = AppDelegate.h; sourceTree = "<group>"; };
		63F73FB616BEBA9A00FCB221 /* AppDelegate.m */ = {isa = PBXFileReference; lastKnownFileType = sourcecode.c.objc; path = AppDelegate.m; sourceTree = "<group>"; };
		63F73FB716BEBAE300FCB221 /* MainStoryboard.storyboard */ = {isa = PBXFileReference; fileEncoding = 4; lastKnownFileType = file.storyboard; path = MainStoryboard.storyboard; sourceTree = "<group>"; };
/* End PBXFileReference section */

/* Begin PBXFrameworksBuildPhase section */
		63F18DC816BDCD1D00A1EEE9 /* Frameworks */ = {
			isa = PBXFrameworksBuildPhase;
			buildActionMask = 2147483647;
			files = (
				6317B1981725FBC600580514 /* MessageUI.framework in Frameworks */,
				6358786F16FA827E00A831E1 /* Security.framework in Frameworks */,
				63F18DCF16BDCD1E00A1EEE9 /* UIKit.framework in Frameworks */,
				635E601B16F5055E00F78E87 /* AudioToolbox.framework in Frameworks */,
				631AD06E16BEE08600D0036A /* MobileCoreServices.framework in Frameworks */,
				631AD06C16BEE07700D0036A /* SystemConfiguration.framework in Frameworks */,
				63F18DD116BDCD1E00A1EEE9 /* Foundation.framework in Frameworks */,
				63F18DD316BDCD1E00A1EEE9 /* CoreGraphics.framework in Frameworks */,
				63F18DD516BDCD1E00A1EEE9 /* CoreData.framework in Frameworks */,
			);
			runOnlyForDeploymentPostprocessing = 0;
		};
/* End PBXFrameworksBuildPhase section */

/* Begin PBXGroup section */
		631028F016C8AB5300048397 /* Images */ = {
			isa = PBXGroup;
			children = (
				63C17A8B17330205007C8F1D /* Icon */,
				63699B741707829700ACB086 /* blackButton.png */,
				63699B751707829700ACB086 /* blackButton@2x.png */,
				63699B761707829700ACB086 /* blackButtonHighlight.png */,
				63699B771707829700ACB086 /* blackButtonHighlight@2x.png */,
				632C61D116E40F7200FC8C68 /* aboutIcon.png */,
				632C61D216E40F7200FC8C68 /* aboutIcon@2x.png */,
				632C61E916E435A300FC8C68 /* homeIcon.png */,
				632C61EA16E435A300FC8C68 /* homeIcon@2x.png */,
				632C61E516E426A300FC8C68 /* menuIcon@2x.png */,
				632C61E616E426A300FC8C68 /* menuIcon.png */,
				63EBE9C316F3FA800086F773 /* navbarBackground@2x.png */,
				63EBE9C416F3FA800086F773 /* navbarBackground.png */,
				632C61D516E40F7200FC8C68 /* privacyIcon.png */,
				632C61D616E40F7200FC8C68 /* privacyIcon@2x.png */,
				63EBE9CB16F4C87F0086F773 /* ribbon@2x.png */,
				63EBE9CC16F4C87F0086F773 /* ribbon.png */,
				632C61D716E40F7200FC8C68 /* settingsIcon.png */,
				632C61D816E40F7200FC8C68 /* settingsIcon@2x.png */,
				63EBE9C716F4010B0086F773 /* toolbarBackground.png */,
				63EBE9C816F4010B0086F773 /* toolbarBackground@2x.png */,
			);
			path = Images;
			sourceTree = "<group>";
		};
		631AD04E16BEDF9F00D0036A /* AFNetworking */ = {
			isa = PBXGroup;
			children = (
				631AD04F16BEDF9F00D0036A /* AFHTTPClient.h */,
				631AD05016BEDF9F00D0036A /* AFHTTPClient.m */,
				631AD05116BEDF9F00D0036A /* AFHTTPRequestOperation.h */,
				631AD05216BEDF9F00D0036A /* AFHTTPRequestOperation.m */,
				631AD05316BEDF9F00D0036A /* AFImageRequestOperation.h */,
				631AD05416BEDF9F00D0036A /* AFImageRequestOperation.m */,
				631AD05516BEDF9F00D0036A /* AFJSONRequestOperation.h */,
				631AD05616BEDF9F00D0036A /* AFJSONRequestOperation.m */,
				631AD05716BEDF9F00D0036A /* AFNetworkActivityIndicatorManager.h */,
				631AD05816BEDF9F00D0036A /* AFNetworkActivityIndicatorManager.m */,
				631AD05916BEDF9F00D0036A /* AFNetworking.h */,
				631AD05A16BEDF9F00D0036A /* AFPropertyListRequestOperation.h */,
				631AD05B16BEDF9F00D0036A /* AFPropertyListRequestOperation.m */,
				631AD05C16BEDF9F00D0036A /* AFURLConnectionOperation.h */,
				631AD05D16BEDF9F00D0036A /* AFURLConnectionOperation.m */,
				631AD05E16BEDF9F00D0036A /* AFXMLRequestOperation.h */,
				631AD05F16BEDF9F00D0036A /* AFXMLRequestOperation.m */,
				631AD06016BEDF9F00D0036A /* UIImageView+AFNetworking.h */,
				631AD06116BEDF9F00D0036A /* UIImageView+AFNetworking.m */,
			);
			path = AFNetworking;
			sourceTree = "<group>";
		};
		632C61B516E40CF300FC8C68 /* REMenu */ = {
			isa = PBXGroup;
			children = (
				632C61B616E40D1500FC8C68 /* REMenu.h */,
				632C61B716E40D1500FC8C68 /* REMenu.m */,
				632C61B816E40D1500FC8C68 /* REMenuContainerView.h */,
				632C61B916E40D1500FC8C68 /* REMenuContainerView.m */,
				632C61BA16E40D1500FC8C68 /* REMenuItem.h */,
				632C61BB16E40D1500FC8C68 /* REMenuItem.m */,
				632C61BC16E40D1500FC8C68 /* REMenuItemView.h */,
				632C61BD16E40D1500FC8C68 /* REMenuItemView.m */,
			);
			path = REMenu;
			sourceTree = "<group>";
		};
		6358781016FA822200A831E1 /* Submodules */ = {
			isa = PBXGroup;
			children = (
				6358781116FA822200A831E1 /* Pocket */,
			);
			path = Submodules;
			sourceTree = "<group>";
		};
		6358781116FA822200A831E1 /* Pocket */ = {
			isa = PBXGroup;
			children = (
				6358784216FA822200A831E1 /* SDK */,
			);
			path = Pocket;
			sourceTree = "<group>";
		};
		6358784216FA822200A831E1 /* SDK */ = {
			isa = PBXGroup;
			children = (
				6358784316FA822200A831E1 /* PocketAPI+NSOperation.h */,
				6358784416FA822200A831E1 /* PocketAPI.h */,
				6358784516FA822200A831E1 /* PocketAPI.m */,
				6358784616FA822200A831E1 /* PocketAPILogin.h */,
				6358784716FA822200A831E1 /* PocketAPILogin.m */,
				6358784816FA822200A831E1 /* PocketAPIOperation.h */,
				6358784916FA822200A831E1 /* PocketAPIOperation.m */,
				6358784A16FA822200A831E1 /* PocketAPITypes.h */,
				6358784B16FA822200A831E1 /* SFHFKeychainUtils.h */,
				6358784C16FA822200A831E1 /* SFHFKeychainUtils.m */,
			);
			path = SDK;
			sourceTree = "<group>";
		};
		6358787316FA922B00A831E1 /* Views */ = {
			isa = PBXGroup;
			children = (
				6358787416FA954000A831E1 /* CustomAlertView.h */,
				6358787516FA954000A831E1 /* CustomAlertView.m */,
			);
			path = Views;
			sourceTree = "<group>";
		};
		635E600F16F4FFE400F78E87 /* Sounds */ = {
			isa = PBXGroup;
			children = (
				635E601E16F50C5200F78E87 /* twoClick.wav */,
				635E601016F5001600F78E87 /* oneClick.wav */,
			);
			path = Sounds;
			sourceTree = "<group>";
		};
		6389F74C16C8790400FAEBBB /* Model */ = {
			isa = PBXGroup;
			children = (
				631AD07216BF103000D0036A /* FetchedStory.h */,
				631AD07316BF103000D0036A /* FetchedStory.m */,
			);
			path = Model;
			sourceTree = "<group>";
		};
		63C17A8B17330205007C8F1D /* Icon */ = {
			isa = PBXGroup;
			children = (
				63C17A8C17330205007C8F1D /* Icon-72.png */,
				63C17A8D17330205007C8F1D /* Icon-72@2x.png */,
				63C17A8E17330205007C8F1D /* Icon-Small-50.png */,
				63C17A8F17330205007C8F1D /* Icon-Small-50@2x.png */,
				63C17A9017330205007C8F1D /* Icon-Small.png */,
				63C17A9117330205007C8F1D /* Icon-Small@2x.png */,
				63C17A9217330205007C8F1D /* Icon.png */,
				63C17A9317330205007C8F1D /* Icon@2x.png */,
				63C17A9417330205007C8F1D /* iTunesArtwork.png */,
				63C17A9517330205007C8F1D /* iTunesArtwork@2x.png */,
			);
			path = Icon;
			sourceTree = "<group>";
		};
		63F18DC216BDCD1D00A1EEE9 = {
			isa = PBXGroup;
			children = (
				63C17AA617330FD6007C8F1D /* Icon@2x.png */,
				63C17AA417330FD2007C8F1D /* Icon.png */,
				6358781016FA822200A831E1 /* Submodules */,
				63F18DD616BDCD1E00A1EEE9 /* CoderNews */,
				63F18DCD16BDCD1E00A1EEE9 /* Frameworks */,
				63F18DCC16BDCD1E00A1EEE9 /* Products */,
			);
			sourceTree = "<group>";
		};
		63F18DCC16BDCD1E00A1EEE9 /* Products */ = {
			isa = PBXGroup;
			children = (
				63F18DCB16BDCD1E00A1EEE9 /* CoderNews.app */,
			);
			name = Products;
			sourceTree = "<group>";
		};
		63F18DCD16BDCD1E00A1EEE9 /* Frameworks */ = {
			isa = PBXGroup;
			children = (
				6317B1971725FBC600580514 /* MessageUI.framework */,
				6358786E16FA827E00A831E1 /* Security.framework */,
				635E601A16F5055E00F78E87 /* AudioToolbox.framework */,
				631AD06D16BEE08600D0036A /* MobileCoreServices.framework */,
				631AD06B16BEE07700D0036A /* SystemConfiguration.framework */,
				63F18DCE16BDCD1E00A1EEE9 /* UIKit.framework */,
				63F18DD016BDCD1E00A1EEE9 /* Foundation.framework */,
				63F18DD216BDCD1E00A1EEE9 /* CoreGraphics.framework */,
				63F18DD416BDCD1E00A1EEE9 /* CoreData.framework */,
			);
			name = Frameworks;
			sourceTree = "<group>";
		};
		63F18DD616BDCD1E00A1EEE9 /* CoderNews */ = {
			isa = PBXGroup;
			children = (
				631AD04E16BEDF9F00D0036A /* AFNetworking */,
				63F73FA116BEB73700FCB221 /* Core Data */,
				631028F016C8AB5300048397 /* Images */,
				63F73FA816BEB7E500FCB221 /* Managers */,
				6389F74C16C8790400FAEBBB /* Model */,
				632C61B516E40CF300FC8C68 /* REMenu */,
				635E600F16F4FFE400F78E87 /* Sounds */,
				63F18DD716BDCD1E00A1EEE9 /* Supporting Files */,
				63F73FAC16BEB90900FCB221 /* View Controllers */,
				6358787316FA922B00A831E1 /* Views */,
			);
			path = CoderNews;
			sourceTree = "<group>";
		};
		63F18DD716BDCD1E00A1EEE9 /* Supporting Files */ = {
			isa = PBXGroup;
			children = (
				631AD03C16BEBB2A00D0036A /* InfoPlist.strings */,
				6358787016FA84A100A831E1 /* Keys.h */,
				6358787116FA84A100A831E1 /* Keys.m */,
				63F73FB516BEBA9A00FCB221 /* AppDelegate.h */,
				63F73FB616BEBA9A00FCB221 /* AppDelegate.m */,
				63F18DD816BDCD1E00A1EEE9 /* CoderNews-Info.plist */,
				63F18DDC16BDCD1E00A1EEE9 /* main.m */,
				63F18DDE16BDCD1E00A1EEE9 /* CoderNews-Prefix.pch */,
				63F18DE216BDCD1E00A1EEE9 /* Default.png */,
				63F18DE416BDCD1E00A1EEE9 /* Default@2x.png */,
				63F18DE616BDCD1E00A1EEE9 /* Default-568h@2x.png */,
			);
			path = "Supporting Files";
			sourceTree = "<group>";
		};
		63F73FA116BEB73700FCB221 /* Core Data */ = {
			isa = PBXGroup;
			children = (
				631AD04016BEBF2600D0036A /* StoryInfo.h */,
				631AD04116BEBF2600D0036A /* StoryInfo.m */,
				63F73FA216BEB7AB00FCB221 /* CoderNews.xcdatamodeld */,
			);
			path = "Core Data";
			sourceTree = "<group>";
		};
		63F73FA816BEB7E500FCB221 /* Managers */ = {
			isa = PBXGroup;
			children = (
				63F73FA916BEB80800FCB221 /* CoreDataManager.h */,
				63F73FAA16BEB80800FCB221 /* CoreDataManager.m */,
				631AD06F16BEE58A00D0036A /* JSONManager.h */,
				631AD07016BEE58A00D0036A /* JSONManager.m */,
				6353DB2816F6A90E00B99512 /* PreferencesManager.h */,
				6353DB2916F6A90E00B99512 /* PreferencesManager.m */,
				635E601716F503F500F78E87 /* SoundManager.h */,
				635E601816F503F500F78E87 /* SoundManager.m */,
			);
			path = Managers;
			sourceTree = "<group>";
		};
		63F73FAC16BEB90900FCB221 /* View Controllers */ = {
			isa = PBXGroup;
			children = (
				63F73FB716BEBAE300FCB221 /* MainStoryboard.storyboard */,
				631AD04916BEC81B00D0036A /* AboutViewController.h */,
				631AD04A16BEC81B00D0036A /* AboutViewController.m */,
				632C61BE16E40D3800FC8C68 /* BaseViewController.h */,
				632C61BF16E40D3800FC8C68 /* BaseViewController.m */,
				63F73FAD16BEB93B00FCB221 /* ContentViewController.h */,
				63F73FAE16BEB93B00FCB221 /* ContentViewController.m */,
				63F73FAF16BEB93B00FCB221 /* NewsListViewController.h */,
				63F73FB016BEB93B00FCB221 /* NewsListViewController.m */,
				6320D04716E4430E00B9D272 /* PrivacyViewController.h */,
				6320D04816E4430E00B9D272 /* PrivacyViewController.m */,
				632C61ED16E441C800FC8C68 /* SettingsViewController.h */,
				632C61EE16E441C800FC8C68 /* SettingsViewController.m */,
			);
			path = "View Controllers";
			sourceTree = "<group>";
		};
/* End PBXGroup section */

/* Begin PBXNativeTarget section */
		63F18DCA16BDCD1D00A1EEE9 /* CoderNews */ = {
			isa = PBXNativeTarget;
			buildConfigurationList = 63F18DF616BDCD1E00A1EEE9 /* Build configuration list for PBXNativeTarget "CoderNews" */;
			buildPhases = (
				63F18DC716BDCD1D00A1EEE9 /* Sources */,
				63F18DC816BDCD1D00A1EEE9 /* Frameworks */,
				63F18DC916BDCD1D00A1EEE9 /* Resources */,
			);
			buildRules = (
			);
			dependencies = (
			);
			name = CoderNews;
			productName = CoderNews;
			productReference = 63F18DCB16BDCD1E00A1EEE9 /* CoderNews.app */;
			productType = "com.apple.product-type.application";
		};
/* End PBXNativeTarget section */

/* Begin PBXProject section */
		63F18DC316BDCD1D00A1EEE9 /* Project object */ = {
			isa = PBXProject;
			attributes = {
				LastUpgradeCheck = 0460;
				ORGANIZATIONNAME = "Matt Hodges";
			};
			buildConfigurationList = 63F18DC616BDCD1D00A1EEE9 /* Build configuration list for PBXProject "CoderNews" */;
			compatibilityVersion = "Xcode 3.2";
			developmentRegion = English;
			hasScannedForEncodings = 0;
			knownRegions = (
				en,
			);
			mainGroup = 63F18DC216BDCD1D00A1EEE9;
			productRefGroup = 63F18DCC16BDCD1E00A1EEE9 /* Products */;
			projectDirPath = "";
			projectRoot = "";
			targets = (
				63F18DCA16BDCD1D00A1EEE9 /* CoderNews */,
			);
		};
/* End PBXProject section */

/* Begin PBXResourcesBuildPhase section */
		63F18DC916BDCD1D00A1EEE9 /* Resources */ = {
			isa = PBXResourcesBuildPhase;
			buildActionMask = 2147483647;
			files = (
				63F18DE316BDCD1E00A1EEE9 /* Default.png in Resources */,
				63F18DE516BDCD1E00A1EEE9 /* Default@2x.png in Resources */,
				63F18DE716BDCD1E00A1EEE9 /* Default-568h@2x.png in Resources */,
				63F73FB816BEBAE300FCB221 /* MainStoryboard.storyboard in Resources */,
				631AD03D16BEBB2A00D0036A /* InfoPlist.strings in Resources */,
				632C61D916E40F7200FC8C68 /* aboutIcon.png in Resources */,
				632C61DA16E40F7200FC8C68 /* aboutIcon@2x.png in Resources */,
				632C61DD16E40F7200FC8C68 /* privacyIcon.png in Resources */,
				632C61DE16E40F7200FC8C68 /* privacyIcon@2x.png in Resources */,
				632C61DF16E40F7200FC8C68 /* settingsIcon.png in Resources */,
				632C61E016E40F7200FC8C68 /* settingsIcon@2x.png in Resources */,
				632C61E716E426A300FC8C68 /* menuIcon@2x.png in Resources */,
				632C61E816E426A300FC8C68 /* menuIcon.png in Resources */,
				632C61EB16E435A300FC8C68 /* homeIcon.png in Resources */,
				632C61EC16E435A300FC8C68 /* homeIcon@2x.png in Resources */,
				63EBE9C516F3FA800086F773 /* navbarBackground@2x.png in Resources */,
				63EBE9C616F3FA800086F773 /* navbarBackground.png in Resources */,
				63EBE9C916F4010B0086F773 /* toolbarBackground.png in Resources */,
				63EBE9CA16F4010B0086F773 /* toolbarBackground@2x.png in Resources */,
				63EBE9CD16F4C87F0086F773 /* ribbon@2x.png in Resources */,
				63EBE9CE16F4C87F0086F773 /* ribbon.png in Resources */,
				635E601216F5001600F78E87 /* oneClick.wav in Resources */,
				635E601F16F50C5200F78E87 /* twoClick.wav in Resources */,
				63699B781707829700ACB086 /* blackButton.png in Resources */,
				63699B791707829700ACB086 /* blackButton@2x.png in Resources */,
				63699B7A1707829700ACB086 /* blackButtonHighlight.png in Resources */,
				63699B7B1707829700ACB086 /* blackButtonHighlight@2x.png in Resources */,
				63C17A9617330205007C8F1D /* Icon-72.png in Resources */,
				63C17A9717330205007C8F1D /* Icon-72@2x.png in Resources */,
				63C17A9817330205007C8F1D /* Icon-Small-50.png in Resources */,
				63C17A9917330205007C8F1D /* Icon-Small-50@2x.png in Resources */,
				63C17A9A17330205007C8F1D /* Icon-Small.png in Resources */,
				63C17A9B17330205007C8F1D /* Icon-Small@2x.png in Resources */,
				63C17A9E17330205007C8F1D /* iTunesArtwork.png in Resources */,
				63C17A9F17330205007C8F1D /* iTunesArtwork@2x.png in Resources */,
				63C17AA517330FD2007C8F1D /* Icon.png in Resources */,
				63C17AA717330FD6007C8F1D /* Icon@2x.png in Resources */,
			);
			runOnlyForDeploymentPostprocessing = 0;
		};
/* End PBXResourcesBuildPhase section */

/* Begin PBXSourcesBuildPhase section */
		63F18DC716BDCD1D00A1EEE9 /* Sources */ = {
			isa = PBXSourcesBuildPhase;
			buildActionMask = 2147483647;
			files = (
				632C61E216E4106300FC8C68 /* REMenuContainerView.m in Sources */,
				632C61E316E4106300FC8C68 /* REMenuItem.m in Sources */,
				632C61E416E4106300FC8C68 /* REMenuItemView.m in Sources */,
				632C61E116E4104200FC8C68 /* REMenu.m in Sources */,
				631AD03E16BEBB7B00D0036A /* AppDelegate.m in Sources */,
				63F73FB116BEB94E00FCB221 /* ContentViewController.m in Sources */,
				63F73FB216BEB94E00FCB221 /* NewsListViewController.m in Sources */,
				63F73FAB16BEB81700FCB221 /* CoreDataManager.m in Sources */,
				63F73FA616BEB7CB00FCB221 /* CoderNews.xcdatamodeld in Sources */,
				63F18DDD16BDCD1E00A1EEE9 /* main.m in Sources */,
				631AD04216BEBF2600D0036A /* StoryInfo.m in Sources */,
				631AD04B16BEC81B00D0036A /* AboutViewController.m in Sources */,
				631AD06216BEDF9F00D0036A /* AFHTTPClient.m in Sources */,
				631AD06316BEDF9F00D0036A /* AFHTTPRequestOperation.m in Sources */,
				631AD06416BEDF9F00D0036A /* AFImageRequestOperation.m in Sources */,
				631AD06516BEDF9F00D0036A /* AFJSONRequestOperation.m in Sources */,
				631AD06616BEDF9F00D0036A /* AFNetworkActivityIndicatorManager.m in Sources */,
				631AD06716BEDF9F00D0036A /* AFPropertyListRequestOperation.m in Sources */,
				631AD06816BEDF9F00D0036A /* AFURLConnectionOperation.m in Sources */,
				631AD06916BEDF9F00D0036A /* AFXMLRequestOperation.m in Sources */,
				631AD06A16BEDF9F00D0036A /* UIImageView+AFNetworking.m in Sources */,
				631AD07116BEE58A00D0036A /* JSONManager.m in Sources */,
				631AD07416BF103000D0036A /* FetchedStory.m in Sources */,
				632C61C016E40D3800FC8C68 /* BaseViewController.m in Sources */,
				632C61EF16E441C800FC8C68 /* SettingsViewController.m in Sources */,
				6320D04916E4430E00B9D272 /* PrivacyViewController.m in Sources */,
				635E601916F503F500F78E87 /* SoundManager.m in Sources */,
				6353DB2A16F6A90E00B99512 /* PreferencesManager.m in Sources */,
				6358786316FA822200A831E1 /* PocketAPI.m in Sources */,
				6358786416FA822200A831E1 /* PocketAPILogin.m in Sources */,
				6358786516FA822200A831E1 /* PocketAPIOperation.m in Sources */,
				6358786616FA822200A831E1 /* SFHFKeychainUtils.m in Sources */,
				6358787216FA84A100A831E1 /* Keys.m in Sources */,
				6358787616FA954000A831E1 /* CustomAlertView.m in Sources */,
			);
			runOnlyForDeploymentPostprocessing = 0;
		};
/* End PBXSourcesBuildPhase section */

/* Begin XCBuildConfiguration section */
		63F18DF416BDCD1E00A1EEE9 /* Debug */ = {
			isa = XCBuildConfiguration;
			buildSettings = {
				ALWAYS_SEARCH_USER_PATHS = NO;
				CLANG_CXX_LANGUAGE_STANDARD = "gnu++0x";
				CLANG_CXX_LIBRARY = "libc++";
				CLANG_ENABLE_OBJC_ARC = YES;
				CLANG_WARN_CONSTANT_CONVERSION = YES;
				CLANG_WARN_EMPTY_BODY = YES;
				CLANG_WARN_ENUM_CONVERSION = YES;
				CLANG_WARN_INT_CONVERSION = YES;
				CLANG_WARN__DUPLICATE_METHOD_MATCH = YES;
				"CODE_SIGN_IDENTITY[sdk=iphoneos*]" = "iPhone Developer";
				COPY_PHASE_STRIP = NO;
				GCC_C_LANGUAGE_STANDARD = gnu99;
				GCC_DYNAMIC_NO_PIC = NO;
				GCC_OPTIMIZATION_LEVEL = 0;
				GCC_PREPROCESSOR_DEFINITIONS = (
					"DEBUG=1",
					"$(inherited)",
				);
				GCC_SYMBOLS_PRIVATE_EXTERN = NO;
				GCC_WARN_ABOUT_RETURN_TYPE = YES;
				GCC_WARN_UNINITIALIZED_AUTOS = YES;
				GCC_WARN_UNUSED_VARIABLE = YES;
				IPHONEOS_DEPLOYMENT_TARGET = 6.1;
				ONLY_ACTIVE_ARCH = YES;
				SDKROOT = iphoneos;
			};
			name = Debug;
		};
		63F18DF516BDCD1E00A1EEE9 /* Release */ = {
			isa = XCBuildConfiguration;
			buildSettings = {
				ALWAYS_SEARCH_USER_PATHS = NO;
				CLANG_CXX_LANGUAGE_STANDARD = "gnu++0x";
				CLANG_CXX_LIBRARY = "libc++";
				CLANG_ENABLE_OBJC_ARC = YES;
				CLANG_WARN_CONSTANT_CONVERSION = YES;
				CLANG_WARN_EMPTY_BODY = YES;
				CLANG_WARN_ENUM_CONVERSION = YES;
				CLANG_WARN_INT_CONVERSION = YES;
				CLANG_WARN__DUPLICATE_METHOD_MATCH = YES;
				"CODE_SIGN_IDENTITY[sdk=iphoneos*]" = "iPhone Developer";
				COPY_PHASE_STRIP = YES;
				GCC_C_LANGUAGE_STANDARD = gnu99;
				GCC_WARN_ABOUT_RETURN_TYPE = YES;
				GCC_WARN_UNINITIALIZED_AUTOS = YES;
				GCC_WARN_UNUSED_VARIABLE = YES;
				IPHONEOS_DEPLOYMENT_TARGET = 6.1;
				OTHER_CFLAGS = "-DNS_BLOCK_ASSERTIONS=1";
				SDKROOT = iphoneos;
				VALIDATE_PRODUCT = YES;
			};
			name = Release;
		};
		63F18DF716BDCD1E00A1EEE9 /* Debug */ = {
			isa = XCBuildConfiguration;
			buildSettings = {
				GCC_PRECOMPILE_PREFIX_HEADER = YES;
				GCC_PREFIX_HEADER = "CoderNews/Supporting Files/CoderNews-Prefix.pch";
				INFOPLIST_FILE = "CoderNews/Supporting Files/CoderNews-Info.plist";
				PRODUCT_NAME = "$(TARGET_NAME)";
				WRAPPER_EXTENSION = app;
			};
			name = Debug;
		};
		63F18DF816BDCD1E00A1EEE9 /* Release */ = {
			isa = XCBuildConfiguration;
			buildSettings = {
				GCC_PRECOMPILE_PREFIX_HEADER = YES;
				GCC_PREFIX_HEADER = "CoderNews/Supporting Files/CoderNews-Prefix.pch";
				INFOPLIST_FILE = "CoderNews/Supporting Files/CoderNews-Info.plist";
				PRODUCT_NAME = "$(TARGET_NAME)";
				WRAPPER_EXTENSION = app;
			};
			name = Release;
		};
/* End XCBuildConfiguration section */

/* Begin XCConfigurationList section */
		63F18DC616BDCD1D00A1EEE9 /* Build configuration list for PBXProject "CoderNews" */ = {
			isa = XCConfigurationList;
			buildConfigurations = (
				63F18DF416BDCD1E00A1EEE9 /* Debug */,
				63F18DF516BDCD1E00A1EEE9 /* Release */,
			);
			defaultConfigurationIsVisible = 0;
			defaultConfigurationName = Release;
		};
		63F18DF616BDCD1E00A1EEE9 /* Build configuration list for PBXNativeTarget "CoderNews" */ = {
			isa = XCConfigurationList;
			buildConfigurations = (
				63F18DF716BDCD1E00A1EEE9 /* Debug */,
				63F18DF816BDCD1E00A1EEE9 /* Release */,
			);
			defaultConfigurationIsVisible = 0;
			defaultConfigurationName = Release;
		};
/* End XCConfigurationList section */

/* Begin XCVersionGroup section */
		63F73FA216BEB7AB00FCB221 /* CoderNews.xcdatamodeld */ = {
			isa = XCVersionGroup;
			children = (
				63F73FA316BEB7AB00FCB221 /* CoderNews.xcdatamodel */,
			);
			currentVersion = 63F73FA316BEB7AB00FCB221 /* CoderNews.xcdatamodel */;
			path = CoderNews.xcdatamodeld;
			sourceTree = "<group>";
			versionGroupType = wrapper.xcdatamodel;
		};
/* End XCVersionGroup section */
	};
	rootObject = 63F18DC316BDCD1D00A1EEE9 /* Project object */;
}
