// !$*UTF8*$!
{
	archiveVersion = 1;
	classes = {
	};
	objectVersion = 46;
	objects = {

/* Begin PBXBuildFile section */
		631AD03D16BEBB2A00D0036A /* InfoPlist.strings in Resources */ = {isa = PBXBuildFile; fileRef = 631AD03C16BEBB2A00D0036A /* InfoPlist.strings */; };
		631AD03E16BEBB7B00D0036A /* AppDelegate.m in Sources */ = {isa = PBXBuildFile; fileRef = 63F73FB616BEBA9A00FCB221 /* AppDelegate.m */; };
		631AD04216BEBF2600D0036A /* StoryInfo.m in Sources */ = {isa = PBXBuildFile; fileRef = 631AD04116BEBF2600D0036A /* StoryInfo.m */; };
		631AD04B16BEC81B00D0036A /* AboutViewController.m in Sources */ = {isa = PBXBuildFile; fileRef = 631AD04A16BEC81B00D0036A /* AboutViewController.m */; };
		631AD06216BEDF9F00D0036A /* AFHTTPClient.m in Sources */ = {isa = PBXBuildFile; fileRef = 631AD05016BEDF9F00D0036A /* AFHTTPClient.m */; };
		631AD06316BEDF9F00D0036A /* AFHTTPRequestOperation.m in Sources */ = {isa = PBXBuildFile; fileRef = 631AD05216BEDF9F00D0036A /* AFHTTPRequestOperation.m */; };
		631AD06416BEDF9F00D0036A /* AFImageRequestOperation.m in Sources */ = {isa = PBXBuildFile; fileRef = 631AD05416BEDF9F00D0036A /* AFImageRequestOperation.m */; };
		631AD06516BEDF9F00D0036A /* AFJSONRequestOperation.m in Sources */ = {isa = PBXBuildFile; fileRef = 631AD05616BEDF9F00D0036A /* AFJSONRequestOperation.m */; };
		631AD06616BEDF9F00D0036A /* AFNetworkActivityIndicatorManager.m in Sources */ = {isa = PBXBuildFile; fileRef = 631AD05816BEDF9F00D0036A /* AFNetworkActivityIndicatorManager.m */; };
		631AD06716BEDF9F00D0036A /* AFPropertyListRequestOperation.m in Sources */ = {isa = PBXBuildFile; fileRef = 631AD05B16BEDF9F00D0036A /* AFPropertyListRequestOperation.m */; };
		631AD06816BEDF9F00D0036A /* AFURLConnectionOperation.m in Sources */ = {isa = PBXBuildFile; fileRef = 631AD05D16BEDF9F00D0036A /* AFURLConnectionOperation.m */; };
		631AD06916BEDF9F00D0036A /* AFXMLRequestOperation.m in Sources */ = {isa = PBXBuildFile; fileRef = 631AD05F16BEDF9F00D0036A /* AFXMLRequestOperation.m */; };
		631AD06A16BEDF9F00D0036A /* UIImageView+AFNetworking.m in Sources */ = {isa = PBXBuildFile; fileRef = 631AD06116BEDF9F00D0036A /* UIImageView+AFNetworking.m */; };
		631AD06C16BEE07700D0036A /* SystemConfiguration.framework in Frameworks */ = {isa = PBXBuildFile; fileRef = 631AD06B16BEE07700D0036A /* SystemConfiguration.framework */; };
		631AD06E16BEE08600D0036A /* MobileCoreServices.framework in Frameworks */ = {isa = PBXBuildFile; fileRef = 631AD06D16BEE08600D0036A /* MobileCoreServices.framework */; };
		631AD07116BEE58A00D0036A /* JSONManager.m in Sources */ = {isa = PBXBuildFile; fileRef = 631AD07016BEE58A00D0036A /* JSONManager.m */; };
		631AD07416BF103000D0036A /* FetchedStory.m in Sources */ = {isa = PBXBuildFile; fileRef = 631AD07316BF103000D0036A /* FetchedStory.m */; };
		632C61C016E40D3800FC8C68 /* BaseViewController.m in Sources */ = {isa = PBXBuildFile; fileRef = 632C61BF16E40D3800FC8C68 /* BaseViewController.m */; };
		632C61D916E40F7200FC8C68 /* About_Icon.png in Resources */ = {isa = PBXBuildFile; fileRef = 632C61D116E40F7200FC8C68 /* About_Icon.png */; };
		632C61DA16E40F7200FC8C68 /* About_Icon@2x.png in Resources */ = {isa = PBXBuildFile; fileRef = 632C61D216E40F7200FC8C68 /* About_Icon@2x.png */; };
		632C61DB16E40F7200FC8C68 /* Home_Icon.png in Resources */ = {isa = PBXBuildFile; fileRef = 632C61D316E40F7200FC8C68 /* Home_Icon.png */; };
		632C61DC16E40F7200FC8C68 /* Home_Icon@2x.png in Resources */ = {isa = PBXBuildFile; fileRef = 632C61D416E40F7200FC8C68 /* Home_Icon@2x.png */; };
		632C61DD16E40F7200FC8C68 /* Privacy_Icon.png in Resources */ = {isa = PBXBuildFile; fileRef = 632C61D516E40F7200FC8C68 /* Privacy_Icon.png */; };
		632C61DE16E40F7200FC8C68 /* Privacy_Icon@2x.png in Resources */ = {isa = PBXBuildFile; fileRef = 632C61D616E40F7200FC8C68 /* Privacy_Icon@2x.png */; };
		632C61DF16E40F7200FC8C68 /* Settings_Icon.png in Resources */ = {isa = PBXBuildFile; fileRef = 632C61D716E40F7200FC8C68 /* Settings_Icon.png */; };
		632C61E016E40F7200FC8C68 /* Settings_Icon@2x.png in Resources */ = {isa = PBXBuildFile; fileRef = 632C61D816E40F7200FC8C68 /* Settings_Icon@2x.png */; };
		632C61E116E4104200FC8C68 /* REMenu.m in Sources */ = {isa = PBXBuildFile; fileRef = 632C61B716E40D1500FC8C68 /* REMenu.m */; };
		632C61E216E4106300FC8C68 /* REMenuContainerView.m in Sources */ = {isa = PBXBuildFile; fileRef = 632C61B916E40D1500FC8C68 /* REMenuContainerView.m */; };
		632C61E316E4106300FC8C68 /* REMenuItem.m in Sources */ = {isa = PBXBuildFile; fileRef = 632C61BB16E40D1500FC8C68 /* REMenuItem.m */; };
		632C61E416E4106300FC8C68 /* REMenuItemView.m in Sources */ = {isa = PBXBuildFile; fileRef = 632C61BD16E40D1500FC8C68 /* REMenuItemView.m */; };
		632C61E716E426A300FC8C68 /* Menu_Icon@2x.png in Resources */ = {isa = PBXBuildFile; fileRef = 632C61E516E426A300FC8C68 /* Menu_Icon@2x.png */; };
		632C61E816E426A300FC8C68 /* Menu_Icon.png in Resources */ = {isa = PBXBuildFile; fileRef = 632C61E616E426A300FC8C68 /* Menu_Icon.png */; };
		63F18DCF16BDCD1E00A1EEE9 /* UIKit.framework in Frameworks */ = {isa = PBXBuildFile; fileRef = 63F18DCE16BDCD1E00A1EEE9 /* UIKit.framework */; };
		63F18DD116BDCD1E00A1EEE9 /* Foundation.framework in Frameworks */ = {isa = PBXBuildFile; fileRef = 63F18DD016BDCD1E00A1EEE9 /* Foundation.framework */; };
		63F18DD316BDCD1E00A1EEE9 /* CoreGraphics.framework in Frameworks */ = {isa = PBXBuildFile; fileRef = 63F18DD216BDCD1E00A1EEE9 /* CoreGraphics.framework */; };
		63F18DD516BDCD1E00A1EEE9 /* CoreData.framework in Frameworks */ = {isa = PBXBuildFile; fileRef = 63F18DD416BDCD1E00A1EEE9 /* CoreData.framework */; };
		63F18DDD16BDCD1E00A1EEE9 /* main.m in Sources */ = {isa = PBXBuildFile; fileRef = 63F18DDC16BDCD1E00A1EEE9 /* main.m */; };
		63F18DE316BDCD1E00A1EEE9 /* Default.png in Resources */ = {isa = PBXBuildFile; fileRef = 63F18DE216BDCD1E00A1EEE9 /* Default.png */; };
		63F18DE516BDCD1E00A1EEE9 /* Default@2x.png in Resources */ = {isa = PBXBuildFile; fileRef = 63F18DE416BDCD1E00A1EEE9 /* Default@2x.png */; };
		63F18DE716BDCD1E00A1EEE9 /* Default-568h@2x.png in Resources */ = {isa = PBXBuildFile; fileRef = 63F18DE616BDCD1E00A1EEE9 /* Default-568h@2x.png */; };
		63F73FA616BEB7CB00FCB221 /* CoderNews.xcdatamodeld in Sources */ = {isa = PBXBuildFile; fileRef = 63F73FA216BEB7AB00FCB221 /* CoderNews.xcdatamodeld */; };
		63F73FAB16BEB81700FCB221 /* CoreDataManager.m in Sources */ = {isa = PBXBuildFile; fileRef = 63F73FAA16BEB80800FCB221 /* CoreDataManager.m */; };
		63F73FB116BEB94E00FCB221 /* ContentViewController.m in Sources */ = {isa = PBXBuildFile; fileRef = 63F73FAE16BEB93B00FCB221 /* ContentViewController.m */; };
		63F73FB216BEB94E00FCB221 /* NewsListViewController.m in Sources */ = {isa = PBXBuildFile; fileRef = 63F73FB016BEB93B00FCB221 /* NewsListViewController.m */; };
		63F73FB816BEBAE300FCB221 /* MainStoryboard.storyboard in Resources */ = {isa = PBXBuildFile; fileRef = 63F73FB716BEBAE300FCB221 /* MainStoryboard.storyboard */; };
/* End PBXBuildFile section */

/* Begin PBXFileReference section */
		631AD03C16BEBB2A00D0036A /* InfoPlist.strings */ = {isa = PBXFileReference; fileEncoding = 4; lastKnownFileType = text.plist.strings; path = InfoPlist.strings; sourceTree = "<group>"; };
		631AD04016BEBF2600D0036A /* StoryInfo.h */ = {isa = PBXFileReference; fileEncoding = 4; lastKnownFileType = sourcecode.c.h; path = StoryInfo.h; sourceTree = "<group>"; };
		631AD04116BEBF2600D0036A /* StoryInfo.m */ = {isa = PBXFileReference; fileEncoding = 4; lastKnownFileType = sourcecode.c.objc; path = StoryInfo.m; sourceTree = "<group>"; };
		631AD04916BEC81B00D0036A /* AboutViewController.h */ = {isa = PBXFileReference; fileEncoding = 4; lastKnownFileType = sourcecode.c.h; path = AboutViewController.h; sourceTree = "<group>"; };
		631AD04A16BEC81B00D0036A /* AboutViewController.m */ = {isa = PBXFileReference; fileEncoding = 4; lastKnownFileType = sourcecode.c.objc; path = AboutViewController.m; sourceTree = "<group>"; };
		631AD04F16BEDF9F00D0036A /* AFHTTPClient.h */ = {isa = PBXFileReference; fileEncoding = 4; lastKnownFileType = sourcecode.c.h; path = AFHTTPClient.h; sourceTree = "<group>"; };
		631AD05016BEDF9F00D0036A /* AFHTTPClient.m */ = {isa = PBXFileReference; fileEncoding = 4; lastKnownFileType = sourcecode.c.objc; path = AFHTTPClient.m; sourceTree = "<group>"; };
		631AD05116BEDF9F00D0036A /* AFHTTPRequestOperation.h */ = {isa = PBXFileReference; fileEncoding = 4; lastKnownFileType = sourcecode.c.h; path = AFHTTPRequestOperation.h; sourceTree = "<group>"; };
		631AD05216BEDF9F00D0036A /* AFHTTPRequestOperation.m */ = {isa = PBXFileReference; fileEncoding = 4; lastKnownFileType = sourcecode.c.objc; path = AFHTTPRequestOperation.m; sourceTree = "<group>"; };
		631AD05316BEDF9F00D0036A /* AFImageRequestOperation.h */ = {isa = PBXFileReference; fileEncoding = 4; lastKnownFileType = sourcecode.c.h; path = AFImageRequestOperation.h; sourceTree = "<group>"; };
		631AD05416BEDF9F00D0036A /* AFImageRequestOperation.m */ = {isa = PBXFileReference; fileEncoding = 4; lastKnownFileType = sourcecode.c.objc; path = AFImageRequestOperation.m; sourceTree = "<group>"; };
		631AD05516BEDF9F00D0036A /* AFJSONRequestOperation.h */ = {isa = PBXFileReference; fileEncoding = 4; lastKnownFileType = sourcecode.c.h; path = AFJSONRequestOperation.h; sourceTree = "<group>"; };
		631AD05616BEDF9F00D0036A /* AFJSONRequestOperation.m */ = {isa = PBXFileReference; fileEncoding = 4; lastKnownFileType = sourcecode.c.objc; path = AFJSONRequestOperation.m; sourceTree = "<group>"; };
		631AD05716BEDF9F00D0036A /* AFNetworkActivityIndicatorManager.h */ = {isa = PBXFileReference; fileEncoding = 4; lastKnownFileType = sourcecode.c.h; path = AFNetworkActivityIndicatorManager.h; sourceTree = "<group>"; };
		631AD05816BEDF9F00D0036A /* AFNetworkActivityIndicatorManager.m */ = {isa = PBXFileReference; fileEncoding = 4; lastKnownFileType = sourcecode.c.objc; path = AFNetworkActivityIndicatorManager.m; sourceTree = "<group>"; };
		631AD05916BEDF9F00D0036A /* AFNetworking.h */ = {isa = PBXFileReference; fileEncoding = 4; lastKnownFileType = sourcecode.c.h; path = AFNetworking.h; sourceTree = "<group>"; };
		631AD05A16BEDF9F00D0036A /* AFPropertyListRequestOperation.h */ = {isa = PBXFileReference; fileEncoding = 4; lastKnownFileType = sourcecode.c.h; path = AFPropertyListRequestOperation.h; sourceTree = "<group>"; };
		631AD05B16BEDF9F00D0036A /* AFPropertyListRequestOperation.m */ = {isa = PBXFileReference; fileEncoding = 4; lastKnownFileType = sourcecode.c.objc; path = AFPropertyListRequestOperation.m; sourceTree = "<group>"; };
		631AD05C16BEDF9F00D0036A /* AFURLConnectionOperation.h */ = {isa = PBXFileReference; fileEncoding = 4; lastKnownFileType = sourcecode.c.h; path = AFURLConnectionOperation.h; sourceTree = "<group>"; };
		631AD05D16BEDF9F00D0036A /* AFURLConnectionOperation.m */ = {isa = PBXFileReference; fileEncoding = 4; lastKnownFileType = sourcecode.c.objc; path = AFURLConnectionOperation.m; sourceTree = "<group>"; };
		631AD05E16BEDF9F00D0036A /* AFXMLRequestOperation.h */ = {isa = PBXFileReference; fileEncoding = 4; lastKnownFileType = sourcecode.c.h; path = AFXMLRequestOperation.h; sourceTree = "<group>"; };
		631AD05F16BEDF9F00D0036A /* AFXMLRequestOperation.m */ = {isa = PBXFileReference; fileEncoding = 4; lastKnownFileType = sourcecode.c.objc; path = AFXMLRequestOperation.m; sourceTree = "<group>"; };
		631AD06016BEDF9F00D0036A /* UIImageView+AFNetworking.h */ = {isa = PBXFileReference; fileEncoding = 4; lastKnownFileType = sourcecode.c.h; path = "UIImageView+AFNetworking.h"; sourceTree = "<group>"; };
		631AD06116BEDF9F00D0036A /* UIImageView+AFNetworking.m */ = {isa = PBXFileReference; fileEncoding = 4; lastKnownFileType = sourcecode.c.objc; path = "UIImageView+AFNetworking.m"; sourceTree = "<group>"; };
		631AD06B16BEE07700D0036A /* SystemConfiguration.framework */ = {isa = PBXFileReference; lastKnownFileType = wrapper.framework; name = SystemConfiguration.framework; path = System/Library/Frameworks/SystemConfiguration.framework; sourceTree = SDKROOT; };
		631AD06D16BEE08600D0036A /* MobileCoreServices.framework */ = {isa = PBXFileReference; lastKnownFileType = wrapper.framework; name = MobileCoreServices.framework; path = System/Library/Frameworks/MobileCoreServices.framework; sourceTree = SDKROOT; };
		631AD06F16BEE58A00D0036A /* JSONManager.h */ = {isa = PBXFileReference; fileEncoding = 4; lastKnownFileType = sourcecode.c.h; path = JSONManager.h; sourceTree = "<group>"; };
		631AD07016BEE58A00D0036A /* JSONManager.m */ = {isa = PBXFileReference; fileEncoding = 4; lastKnownFileType = sourcecode.c.objc; path = JSONManager.m; sourceTree = "<group>"; };
		631AD07216BF103000D0036A /* FetchedStory.h */ = {isa = PBXFileReference; fileEncoding = 4; lastKnownFileType = sourcecode.c.h; path = FetchedStory.h; sourceTree = "<group>"; };
		631AD07316BF103000D0036A /* FetchedStory.m */ = {isa = PBXFileReference; fileEncoding = 4; lastKnownFileType = sourcecode.c.objc; path = FetchedStory.m; sourceTree = "<group>"; };
		632C61B616E40D1500FC8C68 /* REMenu.h */ = {isa = PBXFileReference; lastKnownFileType = sourcecode.c.h; path = REMenu.h; sourceTree = "<group>"; };
		632C61B716E40D1500FC8C68 /* REMenu.m */ = {isa = PBXFileReference; lastKnownFileType = sourcecode.c.objc; path = REMenu.m; sourceTree = "<group>"; };
		632C61B816E40D1500FC8C68 /* REMenuContainerView.h */ = {isa = PBXFileReference; lastKnownFileType = sourcecode.c.h; path = REMenuContainerView.h; sourceTree = "<group>"; };
		632C61B916E40D1500FC8C68 /* REMenuContainerView.m */ = {isa = PBXFileReference; lastKnownFileType = sourcecode.c.objc; path = REMenuContainerView.m; sourceTree = "<group>"; };
		632C61BA16E40D1500FC8C68 /* REMenuItem.h */ = {isa = PBXFileReference; lastKnownFileType = sourcecode.c.h; path = REMenuItem.h; sourceTree = "<group>"; };
		632C61BB16E40D1500FC8C68 /* REMenuItem.m */ = {isa = PBXFileReference; lastKnownFileType = sourcecode.c.objc; path = REMenuItem.m; sourceTree = "<group>"; };
		632C61BC16E40D1500FC8C68 /* REMenuItemView.h */ = {isa = PBXFileReference; lastKnownFileType = sourcecode.c.h; path = REMenuItemView.h; sourceTree = "<group>"; };
		632C61BD16E40D1500FC8C68 /* REMenuItemView.m */ = {isa = PBXFileReference; lastKnownFileType = sourcecode.c.objc; path = REMenuItemView.m; sourceTree = "<group>"; };
		632C61BE16E40D3800FC8C68 /* BaseViewController.h */ = {isa = PBXFileReference; fileEncoding = 4; lastKnownFileType = sourcecode.c.h; path = BaseViewController.h; sourceTree = "<group>"; };
		632C61BF16E40D3800FC8C68 /* BaseViewController.m */ = {isa = PBXFileReference; fileEncoding = 4; lastKnownFileType = sourcecode.c.objc; path = BaseViewController.m; sourceTree = "<group>"; };
		632C61D116E40F7200FC8C68 /* About_Icon.png */ = {isa = PBXFileReference; lastKnownFileType = image.png; path = About_Icon.png; sourceTree = "<group>"; };
		632C61D216E40F7200FC8C68 /* About_Icon@2x.png */ = {isa = PBXFileReference; lastKnownFileType = image.png; path = "About_Icon@2x.png"; sourceTree = "<group>"; };
		632C61D316E40F7200FC8C68 /* Home_Icon.png */ = {isa = PBXFileReference; lastKnownFileType = image.png; path = Home_Icon.png; sourceTree = "<group>"; };
		632C61D416E40F7200FC8C68 /* Home_Icon@2x.png */ = {isa = PBXFileReference; lastKnownFileType = image.png; path = "Home_Icon@2x.png"; sourceTree = "<group>"; };
		632C61D516E40F7200FC8C68 /* Privacy_Icon.png */ = {isa = PBXFileReference; lastKnownFileType = image.png; path = Privacy_Icon.png; sourceTree = "<group>"; };
		632C61D616E40F7200FC8C68 /* Privacy_Icon@2x.png */ = {isa = PBXFileReference; lastKnownFileType = image.png; path = "Privacy_Icon@2x.png"; sourceTree = "<group>"; };
		632C61D716E40F7200FC8C68 /* Settings_Icon.png */ = {isa = PBXFileReference; lastKnownFileType = image.png; path = Settings_Icon.png; sourceTree = "<group>"; };
		632C61D816E40F7200FC8C68 /* Settings_Icon@2x.png */ = {isa = PBXFileReference; lastKnownFileType = image.png; path = "Settings_Icon@2x.png"; sourceTree = "<group>"; };
		632C61E516E426A300FC8C68 /* Menu_Icon@2x.png */ = {isa = PBXFileReference; lastKnownFileType = image.png; path = "Menu_Icon@2x.png"; sourceTree = "<group>"; };
		632C61E616E426A300FC8C68 /* Menu_Icon.png */ = {isa = PBXFileReference; lastKnownFileType = image.png; path = Menu_Icon.png; sourceTree = "<group>"; };
		63F18DCB16BDCD1E00A1EEE9 /* CoderNews.app */ = {isa = PBXFileReference; explicitFileType = wrapper.application; includeInIndex = 0; path = CoderNews.app; sourceTree = BUILT_PRODUCTS_DIR; };
		63F18DCE16BDCD1E00A1EEE9 /* UIKit.framework */ = {isa = PBXFileReference; lastKnownFileType = wrapper.framework; name = UIKit.framework; path = System/Library/Frameworks/UIKit.framework; sourceTree = SDKROOT; };
		63F18DD016BDCD1E00A1EEE9 /* Foundation.framework */ = {isa = PBXFileReference; lastKnownFileType = wrapper.framework; name = Foundation.framework; path = System/Library/Frameworks/Foundation.framework; sourceTree = SDKROOT; };
		63F18DD216BDCD1E00A1EEE9 /* CoreGraphics.framework */ = {isa = PBXFileReference; lastKnownFileType = wrapper.framework; name = CoreGraphics.framework; path = System/Library/Frameworks/CoreGraphics.framework; sourceTree = SDKROOT; };
		63F18DD416BDCD1E00A1EEE9 /* CoreData.framework */ = {isa = PBXFileReference; lastKnownFileType = wrapper.framework; name = CoreData.framework; path = System/Library/Frameworks/CoreData.framework; sourceTree = SDKROOT; };
		63F18DD816BDCD1E00A1EEE9 /* CoderNews-Info.plist */ = {isa = PBXFileReference; lastKnownFileType = text.plist.xml; path = "CoderNews-Info.plist"; sourceTree = "<group>"; };
		63F18DDC16BDCD1E00A1EEE9 /* main.m */ = {isa = PBXFileReference; lastKnownFileType = sourcecode.c.objc; path = main.m; sourceTree = "<group>"; };
		63F18DDE16BDCD1E00A1EEE9 /* CoderNews-Prefix.pch */ = {isa = PBXFileReference; lastKnownFileType = sourcecode.c.h; path = "CoderNews-Prefix.pch"; sourceTree = "<group>"; };
		63F18DE216BDCD1E00A1EEE9 /* Default.png */ = {isa = PBXFileReference; lastKnownFileType = image.png; path = Default.png; sourceTree = "<group>"; };
		63F18DE416BDCD1E00A1EEE9 /* Default@2x.png */ = {isa = PBXFileReference; lastKnownFileType = image.png; path = "Default@2x.png"; sourceTree = "<group>"; };
		63F18DE616BDCD1E00A1EEE9 /* Default-568h@2x.png */ = {isa = PBXFileReference; lastKnownFileType = image.png; path = "Default-568h@2x.png"; sourceTree = "<group>"; };
		63F73FA316BEB7AB00FCB221 /* CoderNews.xcdatamodel */ = {isa = PBXFileReference; lastKnownFileType = wrapper.xcdatamodel; path = CoderNews.xcdatamodel; sourceTree = "<group>"; };
		63F73FA916BEB80800FCB221 /* CoreDataManager.h */ = {isa = PBXFileReference; lastKnownFileType = sourcecode.c.h; path = CoreDataManager.h; sourceTree = "<group>"; };
		63F73FAA16BEB80800FCB221 /* CoreDataManager.m */ = {isa = PBXFileReference; lastKnownFileType = sourcecode.c.objc; path = CoreDataManager.m; sourceTree = "<group>"; };
		63F73FAD16BEB93B00FCB221 /* ContentViewController.h */ = {isa = PBXFileReference; lastKnownFileType = sourcecode.c.h; path = ContentViewController.h; sourceTree = "<group>"; };
		63F73FAE16BEB93B00FCB221 /* ContentViewController.m */ = {isa = PBXFileReference; lastKnownFileType = sourcecode.c.objc; path = ContentViewController.m; sourceTree = "<group>"; };
		63F73FAF16BEB93B00FCB221 /* NewsListViewController.h */ = {isa = PBXFileReference; lastKnownFileType = sourcecode.c.h; path = NewsListViewController.h; sourceTree = "<group>"; };
		63F73FB016BEB93B00FCB221 /* NewsListViewController.m */ = {isa = PBXFileReference; lastKnownFileType = sourcecode.c.objc; path = NewsListViewController.m; sourceTree = "<group>"; };
		63F73FB516BEBA9A00FCB221 /* AppDelegate.h */ = {isa = PBXFileReference; lastKnownFileType = sourcecode.c.h; path = AppDelegate.h; sourceTree = "<group>"; };
		63F73FB616BEBA9A00FCB221 /* AppDelegate.m */ = {isa = PBXFileReference; lastKnownFileType = sourcecode.c.objc; path = AppDelegate.m; sourceTree = "<group>"; };
		63F73FB716BEBAE300FCB221 /* MainStoryboard.storyboard */ = {isa = PBXFileReference; fileEncoding = 4; lastKnownFileType = file.storyboard; path = MainStoryboard.storyboard; sourceTree = "<group>"; };
/* End PBXFileReference section */

/* Begin PBXFrameworksBuildPhase section */
		63F18DC816BDCD1D00A1EEE9 /* Frameworks */ = {
			isa = PBXFrameworksBuildPhase;
			buildActionMask = 2147483647;
			files = (
				631AD06E16BEE08600D0036A /* MobileCoreServices.framework in Frameworks */,
				631AD06C16BEE07700D0036A /* SystemConfiguration.framework in Frameworks */,
				63F18DCF16BDCD1E00A1EEE9 /* UIKit.framework in Frameworks */,
				63F18DD116BDCD1E00A1EEE9 /* Foundation.framework in Frameworks */,
				63F18DD316BDCD1E00A1EEE9 /* CoreGraphics.framework in Frameworks */,
				63F18DD516BDCD1E00A1EEE9 /* CoreData.framework in Frameworks */,
			);
			runOnlyForDeploymentPostprocessing = 0;
		};
/* End PBXFrameworksBuildPhase section */

/* Begin PBXGroup section */
		631028F016C8AB5300048397 /* Images */ = {
			isa = PBXGroup;
			children = (
				632C61E516E426A300FC8C68 /* Menu_Icon@2x.png */,
				632C61E616E426A300FC8C68 /* Menu_Icon.png */,
				632C61D116E40F7200FC8C68 /* About_Icon.png */,
				632C61D216E40F7200FC8C68 /* About_Icon@2x.png */,
				632C61D316E40F7200FC8C68 /* Home_Icon.png */,
				632C61D416E40F7200FC8C68 /* Home_Icon@2x.png */,
				632C61D516E40F7200FC8C68 /* Privacy_Icon.png */,
				632C61D616E40F7200FC8C68 /* Privacy_Icon@2x.png */,
				632C61D716E40F7200FC8C68 /* Settings_Icon.png */,
				632C61D816E40F7200FC8C68 /* Settings_Icon@2x.png */,
			);
			path = Images;
			sourceTree = "<group>";
		};
		631AD04E16BEDF9F00D0036A /* AFNetworking */ = {
			isa = PBXGroup;
			children = (
				631AD04F16BEDF9F00D0036A /* AFHTTPClient.h */,
				631AD05016BEDF9F00D0036A /* AFHTTPClient.m */,
				631AD05116BEDF9F00D0036A /* AFHTTPRequestOperation.h */,
				631AD05216BEDF9F00D0036A /* AFHTTPRequestOperation.m */,
				631AD05316BEDF9F00D0036A /* AFImageRequestOperation.h */,
				631AD05416BEDF9F00D0036A /* AFImageRequestOperation.m */,
				631AD05516BEDF9F00D0036A /* AFJSONRequestOperation.h */,
				631AD05616BEDF9F00D0036A /* AFJSONRequestOperation.m */,
				631AD05716BEDF9F00D0036A /* AFNetworkActivityIndicatorManager.h */,
				631AD05816BEDF9F00D0036A /* AFNetworkActivityIndicatorManager.m */,
				631AD05916BEDF9F00D0036A /* AFNetworking.h */,
				631AD05A16BEDF9F00D0036A /* AFPropertyListRequestOperation.h */,
				631AD05B16BEDF9F00D0036A /* AFPropertyListRequestOperation.m */,
				631AD05C16BEDF9F00D0036A /* AFURLConnectionOperation.h */,
				631AD05D16BEDF9F00D0036A /* AFURLConnectionOperation.m */,
				631AD05E16BEDF9F00D0036A /* AFXMLRequestOperation.h */,
				631AD05F16BEDF9F00D0036A /* AFXMLRequestOperation.m */,
				631AD06016BEDF9F00D0036A /* UIImageView+AFNetworking.h */,
				631AD06116BEDF9F00D0036A /* UIImageView+AFNetworking.m */,
			);
			path = AFNetworking;
			sourceTree = "<group>";
		};
		632C61B516E40CF300FC8C68 /* REMenu */ = {
			isa = PBXGroup;
			children = (
				632C61B616E40D1500FC8C68 /* REMenu.h */,
				632C61B716E40D1500FC8C68 /* REMenu.m */,
				632C61B816E40D1500FC8C68 /* REMenuContainerView.h */,
				632C61B916E40D1500FC8C68 /* REMenuContainerView.m */,
				632C61BA16E40D1500FC8C68 /* REMenuItem.h */,
				632C61BB16E40D1500FC8C68 /* REMenuItem.m */,
				632C61BC16E40D1500FC8C68 /* REMenuItemView.h */,
				632C61BD16E40D1500FC8C68 /* REMenuItemView.m */,
			);
			path = REMenu;
			sourceTree = "<group>";
		};
		6389F74C16C8790400FAEBBB /* Model */ = {
			isa = PBXGroup;
			children = (
				631AD07216BF103000D0036A /* FetchedStory.h */,
				631AD07316BF103000D0036A /* FetchedStory.m */,
			);
			path = Model;
			sourceTree = "<group>";
		};
		63F18DC216BDCD1D00A1EEE9 = {
			isa = PBXGroup;
			children = (
				631AD06D16BEE08600D0036A /* MobileCoreServices.framework */,
				631AD06B16BEE07700D0036A /* SystemConfiguration.framework */,
				63F18DD616BDCD1E00A1EEE9 /* CoderNews */,
				63F18DCD16BDCD1E00A1EEE9 /* Frameworks */,
				63F18DCC16BDCD1E00A1EEE9 /* Products */,
			);
			sourceTree = "<group>";
		};
		63F18DCC16BDCD1E00A1EEE9 /* Products */ = {
			isa = PBXGroup;
			children = (
				63F18DCB16BDCD1E00A1EEE9 /* CoderNews.app */,
			);
			name = Products;
			sourceTree = "<group>";
		};
		63F18DCD16BDCD1E00A1EEE9 /* Frameworks */ = {
			isa = PBXGroup;
			children = (
				63F18DCE16BDCD1E00A1EEE9 /* UIKit.framework */,
				63F18DD016BDCD1E00A1EEE9 /* Foundation.framework */,
				63F18DD216BDCD1E00A1EEE9 /* CoreGraphics.framework */,
				63F18DD416BDCD1E00A1EEE9 /* CoreData.framework */,
			);
			name = Frameworks;
			sourceTree = "<group>";
		};
		63F18DD616BDCD1E00A1EEE9 /* CoderNews */ = {
			isa = PBXGroup;
			children = (
				632C61B516E40CF300FC8C68 /* REMenu */,
				631028F016C8AB5300048397 /* Images */,
				6389F74C16C8790400FAEBBB /* Model */,
				631AD04E16BEDF9F00D0036A /* AFNetworking */,
				63F73FAC16BEB90900FCB221 /* View Controllers */,
				63F73FA816BEB7E500FCB221 /* Managers */,
				63F73FA116BEB73700FCB221 /* Core Data */,
				63F18DD716BDCD1E00A1EEE9 /* Supporting Files */,
			);
			path = CoderNews;
			sourceTree = "<group>";
		};
		63F18DD716BDCD1E00A1EEE9 /* Supporting Files */ = {
			isa = PBXGroup;
			children = (
				631AD03C16BEBB2A00D0036A /* InfoPlist.strings */,
				63F73FB516BEBA9A00FCB221 /* AppDelegate.h */,
				63F73FB616BEBA9A00FCB221 /* AppDelegate.m */,
				63F18DD816BDCD1E00A1EEE9 /* CoderNews-Info.plist */,
				63F18DDC16BDCD1E00A1EEE9 /* main.m */,
				63F18DDE16BDCD1E00A1EEE9 /* CoderNews-Prefix.pch */,
				63F18DE216BDCD1E00A1EEE9 /* Default.png */,
				63F18DE416BDCD1E00A1EEE9 /* Default@2x.png */,
				63F18DE616BDCD1E00A1EEE9 /* Default-568h@2x.png */,
			);
			path = "Supporting Files";
			sourceTree = "<group>";
		};
		63F73FA116BEB73700FCB221 /* Core Data */ = {
			isa = PBXGroup;
			children = (
				631AD04016BEBF2600D0036A /* StoryInfo.h */,
				631AD04116BEBF2600D0036A /* StoryInfo.m */,
				63F73FA216BEB7AB00FCB221 /* CoderNews.xcdatamodeld */,
			);
			path = "Core Data";
			sourceTree = "<group>";
		};
		63F73FA816BEB7E500FCB221 /* Managers */ = {
			isa = PBXGroup;
			children = (
				63F73FA916BEB80800FCB221 /* CoreDataManager.h */,
				63F73FAA16BEB80800FCB221 /* CoreDataManager.m */,
				631AD06F16BEE58A00D0036A /* JSONManager.h */,
				631AD07016BEE58A00D0036A /* JSONManager.m */,
			);
			path = Managers;
			sourceTree = "<group>";
		};
		63F73FAC16BEB90900FCB221 /* View Controllers */ = {
			isa = PBXGroup;
			children = (
				63F73FB716BEBAE300FCB221 /* MainStoryboard.storyboard */,
				631AD04916BEC81B00D0036A /* AboutViewController.h */,
				631AD04A16BEC81B00D0036A /* AboutViewController.m */,
				63F73FAD16BEB93B00FCB221 /* ContentViewController.h */,
				63F73FAE16BEB93B00FCB221 /* ContentViewController.m */,
				63F73FAF16BEB93B00FCB221 /* NewsListViewController.h */,
				63F73FB016BEB93B00FCB221 /* NewsListViewController.m */,
				632C61BE16E40D3800FC8C68 /* BaseViewController.h */,
				632C61BF16E40D3800FC8C68 /* BaseViewController.m */,
			);
			path = "View Controllers";
			sourceTree = "<group>";
		};
/* End PBXGroup section */

/* Begin PBXNativeTarget section */
		63F18DCA16BDCD1D00A1EEE9 /* CoderNews */ = {
			isa = PBXNativeTarget;
			buildConfigurationList = 63F18DF616BDCD1E00A1EEE9 /* Build configuration list for PBXNativeTarget "CoderNews" */;
			buildPhases = (
				63F18DC716BDCD1D00A1EEE9 /* Sources */,
				63F18DC816BDCD1D00A1EEE9 /* Frameworks */,
				63F18DC916BDCD1D00A1EEE9 /* Resources */,
			);
			buildRules = (
			);
			dependencies = (
			);
			name = CoderNews;
			productName = CoderNews;
			productReference = 63F18DCB16BDCD1E00A1EEE9 /* CoderNews.app */;
			productType = "com.apple.product-type.application";
		};
/* End PBXNativeTarget section */

/* Begin PBXProject section */
		63F18DC316BDCD1D00A1EEE9 /* Project object */ = {
			isa = PBXProject;
			attributes = {
				LastUpgradeCheck = 0460;
				ORGANIZATIONNAME = "Matt Hodges";
			};
			buildConfigurationList = 63F18DC616BDCD1D00A1EEE9 /* Build configuration list for PBXProject "CoderNews" */;
			compatibilityVersion = "Xcode 3.2";
			developmentRegion = English;
			hasScannedForEncodings = 0;
			knownRegions = (
				en,
			);
			mainGroup = 63F18DC216BDCD1D00A1EEE9;
			productRefGroup = 63F18DCC16BDCD1E00A1EEE9 /* Products */;
			projectDirPath = "";
			projectRoot = "";
			targets = (
				63F18DCA16BDCD1D00A1EEE9 /* CoderNews */,
			);
		};
/* End PBXProject section */

/* Begin PBXResourcesBuildPhase section */
		63F18DC916BDCD1D00A1EEE9 /* Resources */ = {
			isa = PBXResourcesBuildPhase;
			buildActionMask = 2147483647;
			files = (
				63F18DE316BDCD1E00A1EEE9 /* Default.png in Resources */,
				63F18DE516BDCD1E00A1EEE9 /* Default@2x.png in Resources */,
				63F18DE716BDCD1E00A1EEE9 /* Default-568h@2x.png in Resources */,
				63F73FB816BEBAE300FCB221 /* MainStoryboard.storyboard in Resources */,
				631AD03D16BEBB2A00D0036A /* InfoPlist.strings in Resources */,
				632C61D916E40F7200FC8C68 /* About_Icon.png in Resources */,
				632C61DA16E40F7200FC8C68 /* About_Icon@2x.png in Resources */,
				632C61DB16E40F7200FC8C68 /* Home_Icon.png in Resources */,
				632C61DC16E40F7200FC8C68 /* Home_Icon@2x.png in Resources */,
				632C61DD16E40F7200FC8C68 /* Privacy_Icon.png in Resources */,
				632C61DE16E40F7200FC8C68 /* Privacy_Icon@2x.png in Resources */,
				632C61DF16E40F7200FC8C68 /* Settings_Icon.png in Resources */,
				632C61E016E40F7200FC8C68 /* Settings_Icon@2x.png in Resources */,
				632C61E716E426A300FC8C68 /* Menu_Icon@2x.png in Resources */,
				632C61E816E426A300FC8C68 /* Menu_Icon.png in Resources */,
			);
			runOnlyForDeploymentPostprocessing = 0;
		};
/* End PBXResourcesBuildPhase section */

/* Begin PBXSourcesBuildPhase section */
		63F18DC716BDCD1D00A1EEE9 /* Sources */ = {
			isa = PBXSourcesBuildPhase;
			buildActionMask = 2147483647;
			files = (
				632C61E216E4106300FC8C68 /* REMenuContainerView.m in Sources */,
				632C61E316E4106300FC8C68 /* REMenuItem.m in Sources */,
				632C61E416E4106300FC8C68 /* REMenuItemView.m in Sources */,
				632C61E116E4104200FC8C68 /* REMenu.m in Sources */,
				631AD03E16BEBB7B00D0036A /* AppDelegate.m in Sources */,
				63F73FB116BEB94E00FCB221 /* ContentViewController.m in Sources */,
				63F73FB216BEB94E00FCB221 /* NewsListViewController.m in Sources */,
				63F73FAB16BEB81700FCB221 /* CoreDataManager.m in Sources */,
				63F73FA616BEB7CB00FCB221 /* CoderNews.xcdatamodeld in Sources */,
				63F18DDD16BDCD1E00A1EEE9 /* main.m in Sources */,
				631AD04216BEBF2600D0036A /* StoryInfo.m in Sources */,
				631AD04B16BEC81B00D0036A /* AboutViewController.m in Sources */,
				631AD06216BEDF9F00D0036A /* AFHTTPClient.m in Sources */,
				631AD06316BEDF9F00D0036A /* AFHTTPRequestOperation.m in Sources */,
				631AD06416BEDF9F00D0036A /* AFImageRequestOperation.m in Sources */,
				631AD06516BEDF9F00D0036A /* AFJSONRequestOperation.m in Sources */,
				631AD06616BEDF9F00D0036A /* AFNetworkActivityIndicatorManager.m in Sources */,
				631AD06716BEDF9F00D0036A /* AFPropertyListRequestOperation.m in Sources */,
				631AD06816BEDF9F00D0036A /* AFURLConnectionOperation.m in Sources */,
				631AD06916BEDF9F00D0036A /* AFXMLRequestOperation.m in Sources */,
				631AD06A16BEDF9F00D0036A /* UIImageView+AFNetworking.m in Sources */,
				631AD07116BEE58A00D0036A /* JSONManager.m in Sources */,
				631AD07416BF103000D0036A /* FetchedStory.m in Sources */,
				632C61C016E40D3800FC8C68 /* BaseViewController.m in Sources */,
			);
			runOnlyForDeploymentPostprocessing = 0;
		};
/* End PBXSourcesBuildPhase section */

/* Begin XCBuildConfiguration section */
		63F18DF416BDCD1E00A1EEE9 /* Debug */ = {
			isa = XCBuildConfiguration;
			buildSettings = {
				ALWAYS_SEARCH_USER_PATHS = NO;
				CLANG_CXX_LANGUAGE_STANDARD = "gnu++0x";
				CLANG_CXX_LIBRARY = "libc++";
				CLANG_ENABLE_OBJC_ARC = YES;
				CLANG_WARN_CONSTANT_CONVERSION = YES;
				CLANG_WARN_EMPTY_BODY = YES;
				CLANG_WARN_ENUM_CONVERSION = YES;
				CLANG_WARN_INT_CONVERSION = YES;
				CLANG_WARN__DUPLICATE_METHOD_MATCH = YES;
				"CODE_SIGN_IDENTITY[sdk=iphoneos*]" = "iPhone Developer";
				COPY_PHASE_STRIP = NO;
				GCC_C_LANGUAGE_STANDARD = gnu99;
				GCC_DYNAMIC_NO_PIC = NO;
				GCC_OPTIMIZATION_LEVEL = 0;
				GCC_PREPROCESSOR_DEFINITIONS = (
					"DEBUG=1",
					"$(inherited)",
				);
				GCC_SYMBOLS_PRIVATE_EXTERN = NO;
				GCC_WARN_ABOUT_RETURN_TYPE = YES;
				GCC_WARN_UNINITIALIZED_AUTOS = YES;
				GCC_WARN_UNUSED_VARIABLE = YES;
				IPHONEOS_DEPLOYMENT_TARGET = 6.1;
				ONLY_ACTIVE_ARCH = YES;
				SDKROOT = iphoneos;
			};
			name = Debug;
		};
		63F18DF516BDCD1E00A1EEE9 /* Release */ = {
			isa = XCBuildConfiguration;
			buildSettings = {
				ALWAYS_SEARCH_USER_PATHS = NO;
				CLANG_CXX_LANGUAGE_STANDARD = "gnu++0x";
				CLANG_CXX_LIBRARY = "libc++";
				CLANG_ENABLE_OBJC_ARC = YES;
				CLANG_WARN_CONSTANT_CONVERSION = YES;
				CLANG_WARN_EMPTY_BODY = YES;
				CLANG_WARN_ENUM_CONVERSION = YES;
				CLANG_WARN_INT_CONVERSION = YES;
				CLANG_WARN__DUPLICATE_METHOD_MATCH = YES;
				"CODE_SIGN_IDENTITY[sdk=iphoneos*]" = "iPhone Developer";
				COPY_PHASE_STRIP = YES;
				GCC_C_LANGUAGE_STANDARD = gnu99;
				GCC_WARN_ABOUT_RETURN_TYPE = YES;
				GCC_WARN_UNINITIALIZED_AUTOS = YES;
				GCC_WARN_UNUSED_VARIABLE = YES;
				IPHONEOS_DEPLOYMENT_TARGET = 6.1;
				OTHER_CFLAGS = "-DNS_BLOCK_ASSERTIONS=1";
				SDKROOT = iphoneos;
				VALIDATE_PRODUCT = YES;
			};
			name = Release;
		};
		63F18DF716BDCD1E00A1EEE9 /* Debug */ = {
			isa = XCBuildConfiguration;
			buildSettings = {
				GCC_PRECOMPILE_PREFIX_HEADER = YES;
				GCC_PREFIX_HEADER = "CoderNews/Supporting Files/CoderNews-Prefix.pch";
				INFOPLIST_FILE = "CoderNews/Supporting Files/CoderNews-Info.plist";
				PRODUCT_NAME = "$(TARGET_NAME)";
				WRAPPER_EXTENSION = app;
			};
			name = Debug;
		};
		63F18DF816BDCD1E00A1EEE9 /* Release */ = {
			isa = XCBuildConfiguration;
			buildSettings = {
				GCC_PRECOMPILE_PREFIX_HEADER = YES;
				GCC_PREFIX_HEADER = "CoderNews/Supporting Files/CoderNews-Prefix.pch";
				INFOPLIST_FILE = "CoderNews/Supporting Files/CoderNews-Info.plist";
				PRODUCT_NAME = "$(TARGET_NAME)";
				WRAPPER_EXTENSION = app;
			};
			name = Release;
		};
/* End XCBuildConfiguration section */

/* Begin XCConfigurationList section */
		63F18DC616BDCD1D00A1EEE9 /* Build configuration list for PBXProject "CoderNews" */ = {
			isa = XCConfigurationList;
			buildConfigurations = (
				63F18DF416BDCD1E00A1EEE9 /* Debug */,
				63F18DF516BDCD1E00A1EEE9 /* Release */,
			);
			defaultConfigurationIsVisible = 0;
			defaultConfigurationName = Release;
		};
		63F18DF616BDCD1E00A1EEE9 /* Build configuration list for PBXNativeTarget "CoderNews" */ = {
			isa = XCConfigurationList;
			buildConfigurations = (
				63F18DF716BDCD1E00A1EEE9 /* Debug */,
				63F18DF816BDCD1E00A1EEE9 /* Release */,
			);
			defaultConfigurationIsVisible = 0;
			defaultConfigurationName = Release;
		};
/* End XCConfigurationList section */

/* Begin XCVersionGroup section */
		63F73FA216BEB7AB00FCB221 /* CoderNews.xcdatamodeld */ = {
			isa = XCVersionGroup;
			children = (
				63F73FA316BEB7AB00FCB221 /* CoderNews.xcdatamodel */,
			);
			currentVersion = 63F73FA316BEB7AB00FCB221 /* CoderNews.xcdatamodel */;
			path = CoderNews.xcdatamodeld;
			sourceTree = "<group>";
			versionGroupType = wrapper.xcdatamodel;
		};
/* End XCVersionGroup section */
	};
	rootObject = 63F18DC316BDCD1D00A1EEE9 /* Project object */;
}
